// !$*UTF8*$!
{
	archiveVersion = 1;
	classes = {
	};
	objectVersion = 55;
	objects = {

/* Begin PBXBuildFile section */
		75D62BFC27BC202A0089546A /* AppDelegate.swift in Sources */ = {isa = PBXBuildFile; fileRef = 75D62BFB27BC202A0089546A /* AppDelegate.swift */; };
		75D62BFE27BC202A0089546A /* SceneDelegate.swift in Sources */ = {isa = PBXBuildFile; fileRef = 75D62BFD27BC202A0089546A /* SceneDelegate.swift */; };
		75D62C0027BC202A0089546A /* ViewController.swift in Sources */ = {isa = PBXBuildFile; fileRef = 75D62BFF27BC202A0089546A /* ViewController.swift */; };
		75D62C0327BC202A0089546A /* Main.storyboard in Resources */ = {isa = PBXBuildFile; fileRef = 75D62C0127BC202A0089546A /* Main.storyboard */; };
		75D62C0527BC202B0089546A /* Assets.xcassets in Resources */ = {isa = PBXBuildFile; fileRef = 75D62C0427BC202B0089546A /* Assets.xcassets */; };
		75D62C0827BC202B0089546A /* LaunchScreen.storyboard in Resources */ = {isa = PBXBuildFile; fileRef = 75D62C0627BC202B0089546A /* LaunchScreen.storyboard */; };
		75D62C1327BC202C0089546A /* DiscountTests.swift in Sources */ = {isa = PBXBuildFile; fileRef = 75D62C1227BC202C0089546A /* DiscountTests.swift */; };
		75D62C1D27BC202C0089546A /* DiscountUITests.swift in Sources */ = {isa = PBXBuildFile; fileRef = 75D62C1C27BC202C0089546A /* DiscountUITests.swift */; };
		75D62C1F27BC202C0089546A /* DiscountUITestsLaunchTests.swift in Sources */ = {isa = PBXBuildFile; fileRef = 75D62C1E27BC202C0089546A /* DiscountUITestsLaunchTests.swift */; };
/* End PBXBuildFile section */

/* Begin PBXContainerItemProxy section */
		75D62C0F27BC202C0089546A /* PBXContainerItemProxy */ = {
			isa = PBXContainerItemProxy;
			containerPortal = 75D62BF027BC202A0089546A /* Project object */;
			proxyType = 1;
			remoteGlobalIDString = 75D62BF727BC202A0089546A;
			remoteInfo = Discount;
		};
		75D62C1927BC202C0089546A /* PBXContainerItemProxy */ = {
			isa = PBXContainerItemProxy;
			containerPortal = 75D62BF027BC202A0089546A /* Project object */;
			proxyType = 1;
			remoteGlobalIDString = 75D62BF727BC202A0089546A;
			remoteInfo = Discount;
		};
/* End PBXContainerItemProxy section */

/* Begin PBXFileReference section */
		75D62BF827BC202A0089546A /* Discount.app */ = {isa = PBXFileReference; explicitFileType = wrapper.application; includeInIndex = 0; path = Discount.app; sourceTree = BUILT_PRODUCTS_DIR; };
		75D62BFB27BC202A0089546A /* AppDelegate.swift */ = {isa = PBXFileReference; lastKnownFileType = sourcecode.swift; path = AppDelegate.swift; sourceTree = "<group>"; };
		75D62BFD27BC202A0089546A /* SceneDelegate.swift */ = {isa = PBXFileReference; lastKnownFileType = sourcecode.swift; path = SceneDelegate.swift; sourceTree = "<group>"; };
		75D62BFF27BC202A0089546A /* ViewController.swift */ = {isa = PBXFileReference; lastKnownFileType = sourcecode.swift; path = ViewController.swift; sourceTree = "<group>"; };
		75D62C0227BC202A0089546A /* Base */ = {isa = PBXFileReference; lastKnownFileType = file.storyboard; name = Base; path = Base.lproj/Main.storyboard; sourceTree = "<group>"; };
		75D62C0427BC202B0089546A /* Assets.xcassets */ = {isa = PBXFileReference; lastKnownFileType = folder.assetcatalog; path = Assets.xcassets; sourceTree = "<group>"; };
		75D62C0727BC202B0089546A /* Base */ = {isa = PBXFileReference; lastKnownFileType = file.storyboard; name = Base; path = Base.lproj/LaunchScreen.storyboard; sourceTree = "<group>"; };
		75D62C0927BC202B0089546A /* Info.plist */ = {isa = PBXFileReference; lastKnownFileType = text.plist.xml; path = Info.plist; sourceTree = "<group>"; };
		75D62C0E27BC202C0089546A /* DiscountTests.xctest */ = {isa = PBXFileReference; explicitFileType = wrapper.cfbundle; includeInIndex = 0; path = DiscountTests.xctest; sourceTree = BUILT_PRODUCTS_DIR; };
		75D62C1227BC202C0089546A /* DiscountTests.swift */ = {isa = PBXFileReference; lastKnownFileType = sourcecode.swift; path = DiscountTests.swift; sourceTree = "<group>"; };
		75D62C1827BC202C0089546A /* DiscountUITests.xctest */ = {isa = PBXFileReference; explicitFileType = wrapper.cfbundle; includeInIndex = 0; path = DiscountUITests.xctest; sourceTree = BUILT_PRODUCTS_DIR; };
		75D62C1C27BC202C0089546A /* DiscountUITests.swift */ = {isa = PBXFileReference; lastKnownFileType = sourcecode.swift; path = DiscountUITests.swift; sourceTree = "<group>"; };
		75D62C1E27BC202C0089546A /* DiscountUITestsLaunchTests.swift */ = {isa = PBXFileReference; lastKnownFileType = sourcecode.swift; path = DiscountUITestsLaunchTests.swift; sourceTree = "<group>"; };
/* End PBXFileReference section */

/* Begin PBXFrameworksBuildPhase section */
		75D62BF527BC202A0089546A /* Frameworks */ = {
			isa = PBXFrameworksBuildPhase;
			buildActionMask = 2147483647;
			files = (
			);
			runOnlyForDeploymentPostprocessing = 0;
		};
		75D62C0B27BC202C0089546A /* Frameworks */ = {
			isa = PBXFrameworksBuildPhase;
			buildActionMask = 2147483647;
			files = (
			);
			runOnlyForDeploymentPostprocessing = 0;
		};
		75D62C1527BC202C0089546A /* Frameworks */ = {
			isa = PBXFrameworksBuildPhase;
			buildActionMask = 2147483647;
			files = (
			);
			runOnlyForDeploymentPostprocessing = 0;
		};
/* End PBXFrameworksBuildPhase section */

/* Begin PBXGroup section */
		75D62BEF27BC202A0089546A = {
			isa = PBXGroup;
			children = (
				75D62BFA27BC202A0089546A /* Discount */,
				75D62C1127BC202C0089546A /* DiscountTests */,
				75D62C1B27BC202C0089546A /* DiscountUITests */,
				75D62BF927BC202A0089546A /* Products */,
			);
			sourceTree = "<group>";
		};
		75D62BF927BC202A0089546A /* Products */ = {
			isa = PBXGroup;
			children = (
				75D62BF827BC202A0089546A /* Discount.app */,
				75D62C0E27BC202C0089546A /* DiscountTests.xctest */,
				75D62C1827BC202C0089546A /* DiscountUITests.xctest */,
			);
			name = Products;
			sourceTree = "<group>";
		};
		75D62BFA27BC202A0089546A /* Discount */ = {
			isa = PBXGroup;
			children = (
				75D62BFB27BC202A0089546A /* AppDelegate.swift */,
				75D62BFD27BC202A0089546A /* SceneDelegate.swift */,
				75D62BFF27BC202A0089546A /* ViewController.swift */,
				75D62C0127BC202A0089546A /* Main.storyboard */,
				75D62C0427BC202B0089546A /* Assets.xcassets */,
				75D62C0627BC202B0089546A /* LaunchScreen.storyboard */,
				75D62C0927BC202B0089546A /* Info.plist */,
			);
			path = Discount;
			sourceTree = "<group>";
		};
		75D62C1127BC202C0089546A /* DiscountTests */ = {
			isa = PBXGroup;
			children = (
				75D62C1227BC202C0089546A /* DiscountTests.swift */,
			);
			path = DiscountTests;
			sourceTree = "<group>";
		};
		75D62C1B27BC202C0089546A /* DiscountUITests */ = {
			isa = PBXGroup;
			children = (
				75D62C1C27BC202C0089546A /* DiscountUITests.swift */,
				75D62C1E27BC202C0089546A /* DiscountUITestsLaunchTests.swift */,
			);
			path = DiscountUITests;
			sourceTree = "<group>";
		};
/* End PBXGroup section */

/* Begin PBXNativeTarget section */
		75D62BF727BC202A0089546A /* Discount */ = {
			isa = PBXNativeTarget;
			buildConfigurationList = 75D62C2227BC202C0089546A /* Build configuration list for PBXNativeTarget "Discount" */;
			buildPhases = (
				75D62BF427BC202A0089546A /* Sources */,
				75D62BF527BC202A0089546A /* Frameworks */,
				75D62BF627BC202A0089546A /* Resources */,
			);
			buildRules = (
			);
			dependencies = (
			);
			name = Discount;
			productName = Discount;
			productReference = 75D62BF827BC202A0089546A /* Discount.app */;
			productType = "com.apple.product-type.application";
		};
		75D62C0D27BC202C0089546A /* DiscountTests */ = {
			isa = PBXNativeTarget;
			buildConfigurationList = 75D62C2527BC202C0089546A /* Build configuration list for PBXNativeTarget "DiscountTests" */;
			buildPhases = (
				75D62C0A27BC202C0089546A /* Sources */,
				75D62C0B27BC202C0089546A /* Frameworks */,
				75D62C0C27BC202C0089546A /* Resources */,
			);
			buildRules = (
			);
			dependencies = (
				75D62C1027BC202C0089546A /* PBXTargetDependency */,
			);
			name = DiscountTests;
			productName = DiscountTests;
			productReference = 75D62C0E27BC202C0089546A /* DiscountTests.xctest */;
			productType = "com.apple.product-type.bundle.unit-test";
		};
		75D62C1727BC202C0089546A /* DiscountUITests */ = {
			isa = PBXNativeTarget;
			buildConfigurationList = 75D62C2827BC202C0089546A /* Build configuration list for PBXNativeTarget "DiscountUITests" */;
			buildPhases = (
				75D62C1427BC202C0089546A /* Sources */,
				75D62C1527BC202C0089546A /* Frameworks */,
				75D62C1627BC202C0089546A /* Resources */,
			);
			buildRules = (
			);
			dependencies = (
				75D62C1A27BC202C0089546A /* PBXTargetDependency */,
			);
			name = DiscountUITests;
			productName = DiscountUITests;
			productReference = 75D62C1827BC202C0089546A /* DiscountUITests.xctest */;
			productType = "com.apple.product-type.bundle.ui-testing";
		};
/* End PBXNativeTarget section */

/* Begin PBXProject section */
		75D62BF027BC202A0089546A /* Project object */ = {
			isa = PBXProject;
			attributes = {
				BuildIndependentTargetsInParallel = 1;
				LastSwiftUpdateCheck = 1320;
				LastUpgradeCheck = 1320;
				TargetAttributes = {
					75D62BF727BC202A0089546A = {
						CreatedOnToolsVersion = 13.2.1;
					};
					75D62C0D27BC202C0089546A = {
						CreatedOnToolsVersion = 13.2.1;
						TestTargetID = 75D62BF727BC202A0089546A;
					};
					75D62C1727BC202C0089546A = {
						CreatedOnToolsVersion = 13.2.1;
						TestTargetID = 75D62BF727BC202A0089546A;
					};
				};
			};
			buildConfigurationList = 75D62BF327BC202A0089546A /* Build configuration list for PBXProject "Discount" */;
			compatibilityVersion = "Xcode 13.0";
			developmentRegion = en;
			hasScannedForEncodings = 0;
			knownRegions = (
				en,
				Base,
			);
			mainGroup = 75D62BEF27BC202A0089546A;
			productRefGroup = 75D62BF927BC202A0089546A /* Products */;
			projectDirPath = "";
			projectRoot = "";
			targets = (
				75D62BF727BC202A0089546A /* Discount */,
				75D62C0D27BC202C0089546A /* DiscountTests */,
				75D62C1727BC202C0089546A /* DiscountUITests */,
			);
		};
/* End PBXProject section */

/* Begin PBXResourcesBuildPhase section */
		75D62BF627BC202A0089546A /* Resources */ = {
			isa = PBXResourcesBuildPhase;
			buildActionMask = 2147483647;
			files = (
				75D62C0827BC202B0089546A /* LaunchScreen.storyboard in Resources */,
				75D62C0527BC202B0089546A /* Assets.xcassets in Resources */,
				75D62C0327BC202A0089546A /* Main.storyboard in Resources */,
			);
			runOnlyForDeploymentPostprocessing = 0;
		};
		75D62C0C27BC202C0089546A /* Resources */ = {
			isa = PBXResourcesBuildPhase;
			buildActionMask = 2147483647;
			files = (
			);
			runOnlyForDeploymentPostprocessing = 0;
		};
		75D62C1627BC202C0089546A /* Resources */ = {
			isa = PBXResourcesBuildPhase;
			buildActionMask = 2147483647;
			files = (
			);
			runOnlyForDeploymentPostprocessing = 0;
		};
/* End PBXResourcesBuildPhase section */

/* Begin PBXSourcesBuildPhase section */
		75D62BF427BC202A0089546A /* Sources */ = {
			isa = PBXSourcesBuildPhase;
			buildActionMask = 2147483647;
			files = (
				75D62C0027BC202A0089546A /* ViewController.swift in Sources */,
				75D62BFC27BC202A0089546A /* AppDelegate.swift in Sources */,
				75D62BFE27BC202A0089546A /* SceneDelegate.swift in Sources */,
			);
			runOnlyForDeploymentPostprocessing = 0;
		};
		75D62C0A27BC202C0089546A /* Sources */ = {
			isa = PBXSourcesBuildPhase;
			buildActionMask = 2147483647;
			files = (
				75D62C1327BC202C0089546A /* DiscountTests.swift in Sources */,
			);
			runOnlyForDeploymentPostprocessing = 0;
		};
		75D62C1427BC202C0089546A /* Sources */ = {
			isa = PBXSourcesBuildPhase;
			buildActionMask = 2147483647;
			files = (
				75D62C1F27BC202C0089546A /* DiscountUITestsLaunchTests.swift in Sources */,
				75D62C1D27BC202C0089546A /* DiscountUITests.swift in Sources */,
			);
			runOnlyForDeploymentPostprocessing = 0;
		};
/* End PBXSourcesBuildPhase section */

/* Begin PBXTargetDependency section */
		75D62C1027BC202C0089546A /* PBXTargetDependency */ = {
			isa = PBXTargetDependency;
			target = 75D62BF727BC202A0089546A /* Discount */;
			targetProxy = 75D62C0F27BC202C0089546A /* PBXContainerItemProxy */;
		};
		75D62C1A27BC202C0089546A /* PBXTargetDependency */ = {
			isa = PBXTargetDependency;
			target = 75D62BF727BC202A0089546A /* Discount */;
			targetProxy = 75D62C1927BC202C0089546A /* PBXContainerItemProxy */;
		};
/* End PBXTargetDependency section */

/* Begin PBXVariantGroup section */
		75D62C0127BC202A0089546A /* Main.storyboard */ = {
			isa = PBXVariantGroup;
			children = (
				75D62C0227BC202A0089546A /* Base */,
			);
			name = Main.storyboard;
			sourceTree = "<group>";
		};
		75D62C0627BC202B0089546A /* LaunchScreen.storyboard */ = {
			isa = PBXVariantGroup;
			children = (
				75D62C0727BC202B0089546A /* Base */,
			);
			name = LaunchScreen.storyboard;
			sourceTree = "<group>";
		};
/* End PBXVariantGroup section */

/* Begin XCBuildConfiguration section */
		75D62C2027BC202C0089546A /* Debug */ = {
			isa = XCBuildConfiguration;
			buildSettings = {
				ALWAYS_SEARCH_USER_PATHS = NO;
				CLANG_ANALYZER_NONNULL = YES;
				CLANG_ANALYZER_NUMBER_OBJECT_CONVERSION = YES_AGGRESSIVE;
				CLANG_CXX_LANGUAGE_STANDARD = "gnu++17";
				CLANG_CXX_LIBRARY = "libc++";
				CLANG_ENABLE_MODULES = YES;
				CLANG_ENABLE_OBJC_ARC = YES;
				CLANG_ENABLE_OBJC_WEAK = YES;
				CLANG_WARN_BLOCK_CAPTURE_AUTORELEASING = YES;
				CLANG_WARN_BOOL_CONVERSION = YES;
				CLANG_WARN_COMMA = YES;
				CLANG_WARN_CONSTANT_CONVERSION = YES;
				CLANG_WARN_DEPRECATED_OBJC_IMPLEMENTATIONS = YES;
				CLANG_WARN_DIRECT_OBJC_ISA_USAGE = YES_ERROR;
				CLANG_WARN_DOCUMENTATION_COMMENTS = YES;
				CLANG_WARN_EMPTY_BODY = YES;
				CLANG_WARN_ENUM_CONVERSION = YES;
				CLANG_WARN_INFINITE_RECURSION = YES;
				CLANG_WARN_INT_CONVERSION = YES;
				CLANG_WARN_NON_LITERAL_NULL_CONVERSION = YES;
				CLANG_WARN_OBJC_IMPLICIT_RETAIN_SELF = YES;
				CLANG_WARN_OBJC_LITERAL_CONVERSION = YES;
				CLANG_WARN_OBJC_ROOT_CLASS = YES_ERROR;
				CLANG_WARN_QUOTED_INCLUDE_IN_FRAMEWORK_HEADER = YES;
				CLANG_WARN_RANGE_LOOP_ANALYSIS = YES;
				CLANG_WARN_STRICT_PROTOTYPES = YES;
				CLANG_WARN_SUSPICIOUS_MOVE = YES;
				CLANG_WARN_UNGUARDED_AVAILABILITY = YES_AGGRESSIVE;
				CLANG_WARN_UNREACHABLE_CODE = YES;
				CLANG_WARN__DUPLICATE_METHOD_MATCH = YES;
				COPY_PHASE_STRIP = NO;
				DEBUG_INFORMATION_FORMAT = dwarf;
				ENABLE_STRICT_OBJC_MSGSEND = YES;
				ENABLE_TESTABILITY = YES;
				GCC_C_LANGUAGE_STANDARD = gnu11;
				GCC_DYNAMIC_NO_PIC = NO;
				GCC_NO_COMMON_BLOCKS = YES;
				GCC_OPTIMIZATION_LEVEL = 0;
				GCC_PREPROCESSOR_DEFINITIONS = (
					"DEBUG=1",
					"$(inherited)",
				);
				GCC_WARN_64_TO_32_BIT_CONVERSION = YES;
				GCC_WARN_ABOUT_RETURN_TYPE = YES_ERROR;
				GCC_WARN_UNDECLARED_SELECTOR = YES;
				GCC_WARN_UNINITIALIZED_AUTOS = YES_AGGRESSIVE;
				GCC_WARN_UNUSED_FUNCTION = YES;
				GCC_WARN_UNUSED_VARIABLE = YES;
				IPHONEOS_DEPLOYMENT_TARGET = 15.2;
				MTL_ENABLE_DEBUG_INFO = INCLUDE_SOURCE;
				MTL_FAST_MATH = YES;
				ONLY_ACTIVE_ARCH = YES;
				SDKROOT = iphoneos;
				SWIFT_ACTIVE_COMPILATION_CONDITIONS = DEBUG;
				SWIFT_OPTIMIZATION_LEVEL = "-Onone";
			};
			name = Debug;
		};
		75D62C2127BC202C0089546A /* Release */ = {
			isa = XCBuildConfiguration;
			buildSettings = {
				ALWAYS_SEARCH_USER_PATHS = NO;
				CLANG_ANALYZER_NONNULL = YES;
				CLANG_ANALYZER_NUMBER_OBJECT_CONVERSION = YES_AGGRESSIVE;
				CLANG_CXX_LANGUAGE_STANDARD = "gnu++17";
				CLANG_CXX_LIBRARY = "libc++";
				CLANG_ENABLE_MODULES = YES;
				CLANG_ENABLE_OBJC_ARC = YES;
				CLANG_ENABLE_OBJC_WEAK = YES;
				CLANG_WARN_BLOCK_CAPTURE_AUTORELEASING = YES;
				CLANG_WARN_BOOL_CONVERSION = YES;
				CLANG_WARN_COMMA = YES;
				CLANG_WARN_CONSTANT_CONVERSION = YES;
				CLANG_WARN_DEPRECATED_OBJC_IMPLEMENTATIONS = YES;
				CLANG_WARN_DIRECT_OBJC_ISA_USAGE = YES_ERROR;
				CLANG_WARN_DOCUMENTATION_COMMENTS = YES;
				CLANG_WARN_EMPTY_BODY = YES;
				CLANG_WARN_ENUM_CONVERSION = YES;
				CLANG_WARN_INFINITE_RECURSION = YES;
				CLANG_WARN_INT_CONVERSION = YES;
				CLANG_WARN_NON_LITERAL_NULL_CONVERSION = YES;
				CLANG_WARN_OBJC_IMPLICIT_RETAIN_SELF = YES;
				CLANG_WARN_OBJC_LITERAL_CONVERSION = YES;
				CLANG_WARN_OBJC_ROOT_CLASS = YES_ERROR;
				CLANG_WARN_QUOTED_INCLUDE_IN_FRAMEWORK_HEADER = YES;
				CLANG_WARN_RANGE_LOOP_ANALYSIS = YES;
				CLANG_WARN_STRICT_PROTOTYPES = YES;
				CLANG_WARN_SUSPICIOUS_MOVE = YES;
				CLANG_WARN_UNGUARDED_AVAILABILITY = YES_AGGRESSIVE;
				CLANG_WARN_UNREACHABLE_CODE = YES;
				CLANG_WARN__DUPLICATE_METHOD_MATCH = YES;
				COPY_PHASE_STRIP = NO;
				DEBUG_INFORMATION_FORMAT = "dwarf-with-dsym";
				ENABLE_NS_ASSERTIONS = NO;
				ENABLE_STRICT_OBJC_MSGSEND = YES;
				GCC_C_LANGUAGE_STANDARD = gnu11;
				GCC_NO_COMMON_BLOCKS = YES;
				GCC_WARN_64_TO_32_BIT_CONVERSION = YES;
				GCC_WARN_ABOUT_RETURN_TYPE = YES_ERROR;
				GCC_WARN_UNDECLARED_SELECTOR = YES;
				GCC_WARN_UNINITIALIZED_AUTOS = YES_AGGRESSIVE;
				GCC_WARN_UNUSED_FUNCTION = YES;
				GCC_WARN_UNUSED_VARIABLE = YES;
				IPHONEOS_DEPLOYMENT_TARGET = 15.2;
				MTL_ENABLE_DEBUG_INFO = NO;
				MTL_FAST_MATH = YES;
				SDKROOT = iphoneos;
				SWIFT_COMPILATION_MODE = wholemodule;
				SWIFT_OPTIMIZATION_LEVEL = "-O";
				VALIDATE_PRODUCT = YES;
			};
			name = Release;
		};
		75D62C2327BC202C0089546A /* Debug */ = {
			isa = XCBuildConfiguration;
			buildSettings = {
				ASSETCATALOG_COMPILER_APPICON_NAME = AppIcon;
				ASSETCATALOG_COMPILER_GLOBAL_ACCENT_COLOR_NAME = AccentColor;
				CODE_SIGN_STYLE = Automatic;
				CURRENT_PROJECT_VERSION = 1;
				GENERATE_INFOPLIST_FILE = YES;
				INFOPLIST_FILE = Discount/Info.plist;
				INFOPLIST_KEY_UIApplicationSupportsIndirectInputEvents = YES;
				INFOPLIST_KEY_UILaunchStoryboardName = LaunchScreen;
				INFOPLIST_KEY_UIMainStoryboardFile = Main;
				INFOPLIST_KEY_UISupportedInterfaceOrientations_iPad = "UIInterfaceOrientationPortrait UIInterfaceOrientationPortraitUpsideDown UIInterfaceOrientationLandscapeLeft UIInterfaceOrientationLandscapeRight";
				INFOPLIST_KEY_UISupportedInterfaceOrientations_iPhone = "UIInterfaceOrientationPortrait UIInterfaceOrientationLandscapeLeft UIInterfaceOrientationLandscapeRight";
				LD_RUNPATH_SEARCH_PATHS = (
					"$(inherited)",
					"@executable_path/Frameworks",
				);
				MARKETING_VERSION = 1.0;
				PRODUCT_BUNDLE_IDENTIFIER = nwmsu.Discount;
				PRODUCT_NAME = "$(TARGET_NAME)";
				SWIFT_EMIT_LOC_STRINGS = YES;
				SWIFT_VERSION = 5.0;
				TARGETED_DEVICE_FAMILY = "1,2";
			};
			name = Debug;
		};
		75D62C2427BC202C0089546A /* Release */ = {
			isa = XCBuildConfiguration;
			buildSettings = {
				ASSETCATALOG_COMPILER_APPICON_NAME = AppIcon;
				ASSETCATALOG_COMPILER_GLOBAL_ACCENT_COLOR_NAME = AccentColor;
				CODE_SIGN_STYLE = Automatic;
				CURRENT_PROJECT_VERSION = 1;
				GENERATE_INFOPLIST_FILE = YES;
				INFOPLIST_FILE = Discount/Info.plist;
				INFOPLIST_KEY_UIApplicationSupportsIndirectInputEvents = YES;
				INFOPLIST_KEY_UILaunchStoryboardName = LaunchScreen;
				INFOPLIST_KEY_UIMainStoryboardFile = Main;
				INFOPLIST_KEY_UISupportedInterfaceOrientations_iPad = "UIInterfaceOrientationPortrait UIInterfaceOrientationPortraitUpsideDown UIInterfaceOrientationLandscapeLeft UIInterfaceOrientationLandscapeRight";
				INFOPLIST_KEY_UISupportedInterfaceOrientations_iPhone = "UIInterfaceOrientationPortrait UIInterfaceOrientationLandscapeLeft UIInterfaceOrientationLandscapeRight";
				LD_RUNPATH_SEARCH_PATHS = (
					"$(inherited)",
					"@executable_path/Frameworks",
				);
				MARKETING_VERSION = 1.0;
				PRODUCT_BUNDLE_IDENTIFIER = nwmsu.Discount;
				PRODUCT_NAME = "$(TARGET_NAME)";
				SWIFT_EMIT_LOC_STRINGS = YES;
				SWIFT_VERSION = 5.0;
				TARGETED_DEVICE_FAMILY = "1,2";
			};
			name = Release;
		};
		75D62C2627BC202C0089546A /* Debug */ = {
			isa = XCBuildConfiguration;
			buildSettings = {
				ALWAYS_EMBED_SWIFT_STANDARD_LIBRARIES = YES;
				BUNDLE_LOADER = "$(TEST_HOST)";
				CODE_SIGN_STYLE = Automatic;
				CURRENT_PROJECT_VERSION = 1;
				GENERATE_INFOPLIST_FILE = YES;
				IPHONEOS_DEPLOYMENT_TARGET = 15.2;
				MARKETING_VERSION = 1.0;
				PRODUCT_BUNDLE_IDENTIFIER = nwmsu.DiscountTests;
				PRODUCT_NAME = "$(TARGET_NAME)";
				SWIFT_EMIT_LOC_STRINGS = NO;
				SWIFT_VERSION = 5.0;
				TARGETED_DEVICE_FAMILY = "1,2";
				TEST_HOST = "$(BUILT_PRODUCTS_DIR)/Discount.app/Discount";
			};
			name = Debug;
		};
		75D62C2727BC202C0089546A /* Release */ = {
			isa = XCBuildConfiguration;
			buildSettings = {
				ALWAYS_EMBED_SWIFT_STANDARD_LIBRARIES = YES;
				BUNDLE_LOADER = "$(TEST_HOST)";
				CODE_SIGN_STYLE = Automatic;
				CURRENT_PROJECT_VERSION = 1;
				GENERATE_INFOPLIST_FILE = YES;
				IPHONEOS_DEPLOYMENT_TARGET = 15.2;
				MARKETING_VERSION = 1.0;
				PRODUCT_BUNDLE_IDENTIFIER = nwmsu.DiscountTests;
				PRODUCT_NAME = "$(TARGET_NAME)";
				SWIFT_EMIT_LOC_STRINGS = NO;
				SWIFT_VERSION = 5.0;
				TARGETED_DEVICE_FAMILY = "1,2";
				TEST_HOST = "$(BUILT_PRODUCTS_DIR)/Discount.app/Discount";
			};
			name = Release;
		};
		75D62C2927BC202C0089546A /* Debug */ = {
			isa = XCBuildConfiguration;
			buildSettings = {
				ALWAYS_EMBED_SWIFT_STANDARD_LIBRARIES = YES;
				CODE_SIGN_STYLE = Automatic;
				CURRENT_PROJECT_VERSION = 1;
				GENERATE_INFOPLIST_FILE = YES;
				MARKETING_VERSION = 1.0;
				PRODUCT_BUNDLE_IDENTIFIER = nwmsu.DiscountUITests;
				PRODUCT_NAME = "$(TARGET_NAME)";
				SWIFT_EMIT_LOC_STRINGS = NO;
				SWIFT_VERSION = 5.0;
				TARGETED_DEVICE_FAMILY = "1,2";
				TEST_TARGET_NAME = Discount;
			};
			name = Debug;
		};
		75D62C2A27BC202C0089546A /* Release */ = {
			isa = XCBuildConfiguration;
			buildSettings = {
				ALWAYS_EMBED_SWIFT_STANDARD_LIBRARIES = YES;
				CODE_SIGN_STYLE = Automatic;
				CURRENT_PROJECT_VERSION = 1;
				GENERATE_INFOPLIST_FILE = YES;
				MARKETING_VERSION = 1.0;
				PRODUCT_BUNDLE_IDENTIFIER = nwmsu.DiscountUITests;
				PRODUCT_NAME = "$(TARGET_NAME)";
				SWIFT_EMIT_LOC_STRINGS = NO;
				SWIFT_VERSION = 5.0;
				TARGETED_DEVICE_FAMILY = "1,2";
				TEST_TARGET_NAME = Discount;
			};
			name = Release;
		};
/* End XCBuildConfiguration section */

/* Begin XCConfigurationList section */
		75D62BF327BC202A0089546A /* Build configuration list for PBXProject "Discount" */ = {
			isa = XCConfigurationList;
			buildConfigurations = (
				75D62C2027BC202C0089546A /* Debug */,
				75D62C2127BC202C0089546A /* Release */,
			);
			defaultConfigurationIsVisible = 0;
			defaultConfigurationName = Release;
		};
		75D62C2227BC202C0089546A /* Build configuration list for PBXNativeTarget "Discount" */ = {
			isa = XCConfigurationList;
			buildConfigurations = (
				75D62C2327BC202C0089546A /* Debug */,
				75D62C2427BC202C0089546A /* Release */,
			);
			defaultConfigurationIsVisible = 0;
			defaultConfigurationName = Release;
		};
		75D62C2527BC202C0089546A /* Build configuration list for PBXNativeTarget "DiscountTests" */ = {
			isa = XCConfigurationList;
			buildConfigurations = (
				75D62C2627BC202C0089546A /* Debug */,
				75D62C2727BC202C0089546A /* Release */,
			);
			defaultConfigurationIsVisible = 0;
			defaultConfigurationName = Release;
		};
		75D62C2827BC202C0089546A /* Build configuration list for PBXNativeTarget "DiscountUITests" */ = {
			isa = XCConfigurationList;
			buildConfigurations = (
				75D62C2927BC202C0089546A /* Debug */,
				75D62C2A27BC202C0089546A /* Release */,
			);
			defaultConfigurationIsVisible = 0;
			defaultConfigurationName = Release;
		};
/* End XCConfigurationList section */
	};
	rootObject = 75D62BF027BC202A0089546A /* Project object */;
}
