// !$*UTF8*$!
{
	archiveVersion = 1;
	classes = {
	};
	objectVersion = 55;
	objects = {

/* Begin PBXBuildFile section */
		75D389A227F367AE002F698B /* AppDelegate.swift in Sources */ = {isa = PBXBuildFile; fileRef = 75D389A127F367AE002F698B /* AppDelegate.swift */; };
		75D389A427F367AE002F698B /* SceneDelegate.swift in Sources */ = {isa = PBXBuildFile; fileRef = 75D389A327F367AE002F698B /* SceneDelegate.swift */; };
		75D389A627F367AE002F698B /* ViewController.swift in Sources */ = {isa = PBXBuildFile; fileRef = 75D389A527F367AE002F698B /* ViewController.swift */; };
		75D389A927F367AE002F698B /* Main.storyboard in Resources */ = {isa = PBXBuildFile; fileRef = 75D389A727F367AE002F698B /* Main.storyboard */; };
		75D389AB27F367B0002F698B /* Assets.xcassets in Resources */ = {isa = PBXBuildFile; fileRef = 75D389AA27F367B0002F698B /* Assets.xcassets */; };
		75D389AE27F367B0002F698B /* LaunchScreen.storyboard in Resources */ = {isa = PBXBuildFile; fileRef = 75D389AC27F367B0002F698B /* LaunchScreen.storyboard */; };
		75D389B927F367B0002F698B /* TableViewDemoTests.swift in Sources */ = {isa = PBXBuildFile; fileRef = 75D389B827F367B0002F698B /* TableViewDemoTests.swift */; };
		75D389C327F367B0002F698B /* TableViewDemoUITests.swift in Sources */ = {isa = PBXBuildFile; fileRef = 75D389C227F367B0002F698B /* TableViewDemoUITests.swift */; };
		75D389C527F367B0002F698B /* TableViewDemoUITestsLaunchTests.swift in Sources */ = {isa = PBXBuildFile; fileRef = 75D389C427F367B0002F698B /* TableViewDemoUITestsLaunchTests.swift */; };
		75D389D227F3698F002F698B /* DetailsViewController.swift in Sources */ = {isa = PBXBuildFile; fileRef = 75D389D127F3698F002F698B /* DetailsViewController.swift */; };
/* End PBXBuildFile section */

/* Begin PBXContainerItemProxy section */
		75D389B527F367B0002F698B /* PBXContainerItemProxy */ = {
			isa = PBXContainerItemProxy;
			containerPortal = 75D3899627F367AE002F698B /* Project object */;
			proxyType = 1;
			remoteGlobalIDString = 75D3899D27F367AE002F698B;
			remoteInfo = TableViewDemo;
		};
		75D389BF27F367B0002F698B /* PBXContainerItemProxy */ = {
			isa = PBXContainerItemProxy;
			containerPortal = 75D3899627F367AE002F698B /* Project object */;
			proxyType = 1;
			remoteGlobalIDString = 75D3899D27F367AE002F698B;
			remoteInfo = TableViewDemo;
		};
/* End PBXContainerItemProxy section */

/* Begin PBXFileReference section */
		75D3899E27F367AE002F698B /* TableViewDemo.app */ = {isa = PBXFileReference; explicitFileType = wrapper.application; includeInIndex = 0; path = TableViewDemo.app; sourceTree = BUILT_PRODUCTS_DIR; };
		75D389A127F367AE002F698B /* AppDelegate.swift */ = {isa = PBXFileReference; lastKnownFileType = sourcecode.swift; path = AppDelegate.swift; sourceTree = "<group>"; };
		75D389A327F367AE002F698B /* SceneDelegate.swift */ = {isa = PBXFileReference; lastKnownFileType = sourcecode.swift; path = SceneDelegate.swift; sourceTree = "<group>"; };
		75D389A527F367AE002F698B /* ViewController.swift */ = {isa = PBXFileReference; lastKnownFileType = sourcecode.swift; path = ViewController.swift; sourceTree = "<group>"; };
		75D389A827F367AE002F698B /* Base */ = {isa = PBXFileReference; lastKnownFileType = file.storyboard; name = Base; path = Base.lproj/Main.storyboard; sourceTree = "<group>"; };
		75D389AA27F367B0002F698B /* Assets.xcassets */ = {isa = PBXFileReference; lastKnownFileType = folder.assetcatalog; path = Assets.xcassets; sourceTree = "<group>"; };
		75D389AD27F367B0002F698B /* Base */ = {isa = PBXFileReference; lastKnownFileType = file.storyboard; name = Base; path = Base.lproj/LaunchScreen.storyboard; sourceTree = "<group>"; };
		75D389AF27F367B0002F698B /* Info.plist */ = {isa = PBXFileReference; lastKnownFileType = text.plist.xml; path = Info.plist; sourceTree = "<group>"; };
		75D389B427F367B0002F698B /* TableViewDemoTests.xctest */ = {isa = PBXFileReference; explicitFileType = wrapper.cfbundle; includeInIndex = 0; path = TableViewDemoTests.xctest; sourceTree = BUILT_PRODUCTS_DIR; };
		75D389B827F367B0002F698B /* TableViewDemoTests.swift */ = {isa = PBXFileReference; lastKnownFileType = sourcecode.swift; path = TableViewDemoTests.swift; sourceTree = "<group>"; };
		75D389BE27F367B0002F698B /* TableViewDemoUITests.xctest */ = {isa = PBXFileReference; explicitFileType = wrapper.cfbundle; includeInIndex = 0; path = TableViewDemoUITests.xctest; sourceTree = BUILT_PRODUCTS_DIR; };
		75D389C227F367B0002F698B /* TableViewDemoUITests.swift */ = {isa = PBXFileReference; lastKnownFileType = sourcecode.swift; path = TableViewDemoUITests.swift; sourceTree = "<group>"; };
		75D389C427F367B0002F698B /* TableViewDemoUITestsLaunchTests.swift */ = {isa = PBXFileReference; lastKnownFileType = sourcecode.swift; path = TableViewDemoUITestsLaunchTests.swift; sourceTree = "<group>"; };
		75D389D127F3698F002F698B /* DetailsViewController.swift */ = {isa = PBXFileReference; lastKnownFileType = sourcecode.swift; path = DetailsViewController.swift; sourceTree = "<group>"; };
/* End PBXFileReference section */

/* Begin PBXFrameworksBuildPhase section */
		75D3899B27F367AE002F698B /* Frameworks */ = {
			isa = PBXFrameworksBuildPhase;
			buildActionMask = 2147483647;
			files = (
			);
			runOnlyForDeploymentPostprocessing = 0;
		};
		75D389B127F367B0002F698B /* Frameworks */ = {
			isa = PBXFrameworksBuildPhase;
			buildActionMask = 2147483647;
			files = (
			);
			runOnlyForDeploymentPostprocessing = 0;
		};
		75D389BB27F367B0002F698B /* Frameworks */ = {
			isa = PBXFrameworksBuildPhase;
			buildActionMask = 2147483647;
			files = (
			);
			runOnlyForDeploymentPostprocessing = 0;
		};
/* End PBXFrameworksBuildPhase section */

/* Begin PBXGroup section */
		75D3899527F367AE002F698B = {
			isa = PBXGroup;
			children = (
				75D389A027F367AE002F698B /* TableViewDemo */,
				75D389B727F367B0002F698B /* TableViewDemoTests */,
				75D389C127F367B0002F698B /* TableViewDemoUITests */,
				75D3899F27F367AE002F698B /* Products */,
			);
			sourceTree = "<group>";
		};
		75D3899F27F367AE002F698B /* Products */ = {
			isa = PBXGroup;
			children = (
				75D3899E27F367AE002F698B /* TableViewDemo.app */,
				75D389B427F367B0002F698B /* TableViewDemoTests.xctest */,
				75D389BE27F367B0002F698B /* TableViewDemoUITests.xctest */,
			);
			name = Products;
			sourceTree = "<group>";
		};
		75D389A027F367AE002F698B /* TableViewDemo */ = {
			isa = PBXGroup;
			children = (
				75D389A127F367AE002F698B /* AppDelegate.swift */,
				75D389A327F367AE002F698B /* SceneDelegate.swift */,
				75D389A527F367AE002F698B /* ViewController.swift */,
				75D389A727F367AE002F698B /* Main.storyboard */,
				75D389AA27F367B0002F698B /* Assets.xcassets */,
				75D389AC27F367B0002F698B /* LaunchScreen.storyboard */,
				75D389AF27F367B0002F698B /* Info.plist */,
				75D389D127F3698F002F698B /* DetailsViewController.swift */,
			);
			path = TableViewDemo;
			sourceTree = "<group>";
		};
		75D389B727F367B0002F698B /* TableViewDemoTests */ = {
			isa = PBXGroup;
			children = (
				75D389B827F367B0002F698B /* TableViewDemoTests.swift */,
			);
			path = TableViewDemoTests;
			sourceTree = "<group>";
		};
		75D389C127F367B0002F698B /* TableViewDemoUITests */ = {
			isa = PBXGroup;
			children = (
				75D389C227F367B0002F698B /* TableViewDemoUITests.swift */,
				75D389C427F367B0002F698B /* TableViewDemoUITestsLaunchTests.swift */,
			);
			path = TableViewDemoUITests;
			sourceTree = "<group>";
		};
/* End PBXGroup section */

/* Begin PBXNativeTarget section */
		75D3899D27F367AE002F698B /* TableViewDemo */ = {
			isa = PBXNativeTarget;
			buildConfigurationList = 75D389C827F367B0002F698B /* Build configuration list for PBXNativeTarget "TableViewDemo" */;
			buildPhases = (
				75D3899A27F367AE002F698B /* Sources */,
				75D3899B27F367AE002F698B /* Frameworks */,
				75D3899C27F367AE002F698B /* Resources */,
			);
			buildRules = (
			);
			dependencies = (
			);
			name = TableViewDemo;
			productName = TableViewDemo;
			productReference = 75D3899E27F367AE002F698B /* TableViewDemo.app */;
			productType = "com.apple.product-type.application";
		};
		75D389B327F367B0002F698B /* TableViewDemoTests */ = {
			isa = PBXNativeTarget;
			buildConfigurationList = 75D389CB27F367B0002F698B /* Build configuration list for PBXNativeTarget "TableViewDemoTests" */;
			buildPhases = (
				75D389B027F367B0002F698B /* Sources */,
				75D389B127F367B0002F698B /* Frameworks */,
				75D389B227F367B0002F698B /* Resources */,
			);
			buildRules = (
			);
			dependencies = (
				75D389B627F367B0002F698B /* PBXTargetDependency */,
			);
			name = TableViewDemoTests;
			productName = TableViewDemoTests;
			productReference = 75D389B427F367B0002F698B /* TableViewDemoTests.xctest */;
			productType = "com.apple.product-type.bundle.unit-test";
		};
		75D389BD27F367B0002F698B /* TableViewDemoUITests */ = {
			isa = PBXNativeTarget;
			buildConfigurationList = 75D389CE27F367B0002F698B /* Build configuration list for PBXNativeTarget "TableViewDemoUITests" */;
			buildPhases = (
				75D389BA27F367B0002F698B /* Sources */,
				75D389BB27F367B0002F698B /* Frameworks */,
				75D389BC27F367B0002F698B /* Resources */,
			);
			buildRules = (
			);
			dependencies = (
				75D389C027F367B0002F698B /* PBXTargetDependency */,
			);
			name = TableViewDemoUITests;
			productName = TableViewDemoUITests;
			productReference = 75D389BE27F367B0002F698B /* TableViewDemoUITests.xctest */;
			productType = "com.apple.product-type.bundle.ui-testing";
		};
/* End PBXNativeTarget section */

/* Begin PBXProject section */
		75D3899627F367AE002F698B /* Project object */ = {
			isa = PBXProject;
			attributes = {
				BuildIndependentTargetsInParallel = 1;
				LastSwiftUpdateCheck = 1320;
				LastUpgradeCheck = 1320;
				TargetAttributes = {
					75D3899D27F367AE002F698B = {
						CreatedOnToolsVersion = 13.2.1;
					};
					75D389B327F367B0002F698B = {
						CreatedOnToolsVersion = 13.2.1;
						TestTargetID = 75D3899D27F367AE002F698B;
					};
					75D389BD27F367B0002F698B = {
						CreatedOnToolsVersion = 13.2.1;
						TestTargetID = 75D3899D27F367AE002F698B;
					};
				};
			};
			buildConfigurationList = 75D3899927F367AE002F698B /* Build configuration list for PBXProject "TableViewDemo" */;
			compatibilityVersion = "Xcode 13.0";
			developmentRegion = en;
			hasScannedForEncodings = 0;
			knownRegions = (
				en,
				Base,
			);
			mainGroup = 75D3899527F367AE002F698B;
			productRefGroup = 75D3899F27F367AE002F698B /* Products */;
			projectDirPath = "";
			projectRoot = "";
			targets = (
				75D3899D27F367AE002F698B /* TableViewDemo */,
				75D389B327F367B0002F698B /* TableViewDemoTests */,
				75D389BD27F367B0002F698B /* TableViewDemoUITests */,
			);
		};
/* End PBXProject section */

/* Begin PBXResourcesBuildPhase section */
		75D3899C27F367AE002F698B /* Resources */ = {
			isa = PBXResourcesBuildPhase;
			buildActionMask = 2147483647;
			files = (
				75D389AE27F367B0002F698B /* LaunchScreen.storyboard in Resources */,
				75D389AB27F367B0002F698B /* Assets.xcassets in Resources */,
				75D389A927F367AE002F698B /* Main.storyboard in Resources */,
			);
			runOnlyForDeploymentPostprocessing = 0;
		};
		75D389B227F367B0002F698B /* Resources */ = {
			isa = PBXResourcesBuildPhase;
			buildActionMask = 2147483647;
			files = (
			);
			runOnlyForDeploymentPostprocessing = 0;
		};
		75D389BC27F367B0002F698B /* Resources */ = {
			isa = PBXResourcesBuildPhase;
			buildActionMask = 2147483647;
			files = (
			);
			runOnlyForDeploymentPostprocessing = 0;
		};
/* End PBXResourcesBuildPhase section */

/* Begin PBXSourcesBuildPhase section */
		75D3899A27F367AE002F698B /* Sources */ = {
			isa = PBXSourcesBuildPhase;
			buildActionMask = 2147483647;
			files = (
				75D389A627F367AE002F698B /* ViewController.swift in Sources */,
				75D389A227F367AE002F698B /* AppDelegate.swift in Sources */,
				75D389A427F367AE002F698B /* SceneDelegate.swift in Sources */,
				75D389D227F3698F002F698B /* DetailsViewController.swift in Sources */,
			);
			runOnlyForDeploymentPostprocessing = 0;
		};
		75D389B027F367B0002F698B /* Sources */ = {
			isa = PBXSourcesBuildPhase;
			buildActionMask = 2147483647;
			files = (
				75D389B927F367B0002F698B /* TableViewDemoTests.swift in Sources */,
			);
			runOnlyForDeploymentPostprocessing = 0;
		};
		75D389BA27F367B0002F698B /* Sources */ = {
			isa = PBXSourcesBuildPhase;
			buildActionMask = 2147483647;
			files = (
				75D389C327F367B0002F698B /* TableViewDemoUITests.swift in Sources */,
				75D389C527F367B0002F698B /* TableViewDemoUITestsLaunchTests.swift in Sources */,
			);
			runOnlyForDeploymentPostprocessing = 0;
		};
/* End PBXSourcesBuildPhase section */

/* Begin PBXTargetDependency section */
		75D389B627F367B0002F698B /* PBXTargetDependency */ = {
			isa = PBXTargetDependency;
			target = 75D3899D27F367AE002F698B /* TableViewDemo */;
			targetProxy = 75D389B527F367B0002F698B /* PBXContainerItemProxy */;
		};
		75D389C027F367B0002F698B /* PBXTargetDependency */ = {
			isa = PBXTargetDependency;
			target = 75D3899D27F367AE002F698B /* TableViewDemo */;
			targetProxy = 75D389BF27F367B0002F698B /* PBXContainerItemProxy */;
		};
/* End PBXTargetDependency section */

/* Begin PBXVariantGroup section */
		75D389A727F367AE002F698B /* Main.storyboard */ = {
			isa = PBXVariantGroup;
			children = (
				75D389A827F367AE002F698B /* Base */,
			);
			name = Main.storyboard;
			sourceTree = "<group>";
		};
		75D389AC27F367B0002F698B /* LaunchScreen.storyboard */ = {
			isa = PBXVariantGroup;
			children = (
				75D389AD27F367B0002F698B /* Base */,
			);
			name = LaunchScreen.storyboard;
			sourceTree = "<group>";
		};
/* End PBXVariantGroup section */

/* Begin XCBuildConfiguration section */
		75D389C627F367B0002F698B /* Debug */ = {
			isa = XCBuildConfiguration;
			buildSettings = {
				ALWAYS_SEARCH_USER_PATHS = NO;
				CLANG_ANALYZER_NONNULL = YES;
				CLANG_ANALYZER_NUMBER_OBJECT_CONVERSION = YES_AGGRESSIVE;
				CLANG_CXX_LANGUAGE_STANDARD = "gnu++17";
				CLANG_CXX_LIBRARY = "libc++";
				CLANG_ENABLE_MODULES = YES;
				CLANG_ENABLE_OBJC_ARC = YES;
				CLANG_ENABLE_OBJC_WEAK = YES;
				CLANG_WARN_BLOCK_CAPTURE_AUTORELEASING = YES;
				CLANG_WARN_BOOL_CONVERSION = YES;
				CLANG_WARN_COMMA = YES;
				CLANG_WARN_CONSTANT_CONVERSION = YES;
				CLANG_WARN_DEPRECATED_OBJC_IMPLEMENTATIONS = YES;
				CLANG_WARN_DIRECT_OBJC_ISA_USAGE = YES_ERROR;
				CLANG_WARN_DOCUMENTATION_COMMENTS = YES;
				CLANG_WARN_EMPTY_BODY = YES;
				CLANG_WARN_ENUM_CONVERSION = YES;
				CLANG_WARN_INFINITE_RECURSION = YES;
				CLANG_WARN_INT_CONVERSION = YES;
				CLANG_WARN_NON_LITERAL_NULL_CONVERSION = YES;
				CLANG_WARN_OBJC_IMPLICIT_RETAIN_SELF = YES;
				CLANG_WARN_OBJC_LITERAL_CONVERSION = YES;
				CLANG_WARN_OBJC_ROOT_CLASS = YES_ERROR;
				CLANG_WARN_QUOTED_INCLUDE_IN_FRAMEWORK_HEADER = YES;
				CLANG_WARN_RANGE_LOOP_ANALYSIS = YES;
				CLANG_WARN_STRICT_PROTOTYPES = YES;
				CLANG_WARN_SUSPICIOUS_MOVE = YES;
				CLANG_WARN_UNGUARDED_AVAILABILITY = YES_AGGRESSIVE;
				CLANG_WARN_UNREACHABLE_CODE = YES;
				CLANG_WARN__DUPLICATE_METHOD_MATCH = YES;
				COPY_PHASE_STRIP = NO;
				DEBUG_INFORMATION_FORMAT = dwarf;
				ENABLE_STRICT_OBJC_MSGSEND = YES;
				ENABLE_TESTABILITY = YES;
				GCC_C_LANGUAGE_STANDARD = gnu11;
				GCC_DYNAMIC_NO_PIC = NO;
				GCC_NO_COMMON_BLOCKS = YES;
				GCC_OPTIMIZATION_LEVEL = 0;
				GCC_PREPROCESSOR_DEFINITIONS = (
					"DEBUG=1",
					"$(inherited)",
				);
				GCC_WARN_64_TO_32_BIT_CONVERSION = YES;
				GCC_WARN_ABOUT_RETURN_TYPE = YES_ERROR;
				GCC_WARN_UNDECLARED_SELECTOR = YES;
				GCC_WARN_UNINITIALIZED_AUTOS = YES_AGGRESSIVE;
				GCC_WARN_UNUSED_FUNCTION = YES;
				GCC_WARN_UNUSED_VARIABLE = YES;
				IPHONEOS_DEPLOYMENT_TARGET = 15.2;
				MTL_ENABLE_DEBUG_INFO = INCLUDE_SOURCE;
				MTL_FAST_MATH = YES;
				ONLY_ACTIVE_ARCH = YES;
				SDKROOT = iphoneos;
				SWIFT_ACTIVE_COMPILATION_CONDITIONS = DEBUG;
				SWIFT_OPTIMIZATION_LEVEL = "-Onone";
			};
			name = Debug;
		};
		75D389C727F367B0002F698B /* Release */ = {
			isa = XCBuildConfiguration;
			buildSettings = {
				ALWAYS_SEARCH_USER_PATHS = NO;
				CLANG_ANALYZER_NONNULL = YES;
				CLANG_ANALYZER_NUMBER_OBJECT_CONVERSION = YES_AGGRESSIVE;
				CLANG_CXX_LANGUAGE_STANDARD = "gnu++17";
				CLANG_CXX_LIBRARY = "libc++";
				CLANG_ENABLE_MODULES = YES;
				CLANG_ENABLE_OBJC_ARC = YES;
				CLANG_ENABLE_OBJC_WEAK = YES;
				CLANG_WARN_BLOCK_CAPTURE_AUTORELEASING = YES;
				CLANG_WARN_BOOL_CONVERSION = YES;
				CLANG_WARN_COMMA = YES;
				CLANG_WARN_CONSTANT_CONVERSION = YES;
				CLANG_WARN_DEPRECATED_OBJC_IMPLEMENTATIONS = YES;
				CLANG_WARN_DIRECT_OBJC_ISA_USAGE = YES_ERROR;
				CLANG_WARN_DOCUMENTATION_COMMENTS = YES;
				CLANG_WARN_EMPTY_BODY = YES;
				CLANG_WARN_ENUM_CONVERSION = YES;
				CLANG_WARN_INFINITE_RECURSION = YES;
				CLANG_WARN_INT_CONVERSION = YES;
				CLANG_WARN_NON_LITERAL_NULL_CONVERSION = YES;
				CLANG_WARN_OBJC_IMPLICIT_RETAIN_SELF = YES;
				CLANG_WARN_OBJC_LITERAL_CONVERSION = YES;
				CLANG_WARN_OBJC_ROOT_CLASS = YES_ERROR;
				CLANG_WARN_QUOTED_INCLUDE_IN_FRAMEWORK_HEADER = YES;
				CLANG_WARN_RANGE_LOOP_ANALYSIS = YES;
				CLANG_WARN_STRICT_PROTOTYPES = YES;
				CLANG_WARN_SUSPICIOUS_MOVE = YES;
				CLANG_WARN_UNGUARDED_AVAILABILITY = YES_AGGRESSIVE;
				CLANG_WARN_UNREACHABLE_CODE = YES;
				CLANG_WARN__DUPLICATE_METHOD_MATCH = YES;
				COPY_PHASE_STRIP = NO;
				DEBUG_INFORMATION_FORMAT = "dwarf-with-dsym";
				ENABLE_NS_ASSERTIONS = NO;
				ENABLE_STRICT_OBJC_MSGSEND = YES;
				GCC_C_LANGUAGE_STANDARD = gnu11;
				GCC_NO_COMMON_BLOCKS = YES;
				GCC_WARN_64_TO_32_BIT_CONVERSION = YES;
				GCC_WARN_ABOUT_RETURN_TYPE = YES_ERROR;
				GCC_WARN_UNDECLARED_SELECTOR = YES;
				GCC_WARN_UNINITIALIZED_AUTOS = YES_AGGRESSIVE;
				GCC_WARN_UNUSED_FUNCTION = YES;
				GCC_WARN_UNUSED_VARIABLE = YES;
				IPHONEOS_DEPLOYMENT_TARGET = 15.2;
				MTL_ENABLE_DEBUG_INFO = NO;
				MTL_FAST_MATH = YES;
				SDKROOT = iphoneos;
				SWIFT_COMPILATION_MODE = wholemodule;
				SWIFT_OPTIMIZATION_LEVEL = "-O";
				VALIDATE_PRODUCT = YES;
			};
			name = Release;
		};
		75D389C927F367B0002F698B /* Debug */ = {
			isa = XCBuildConfiguration;
			buildSettings = {
				ASSETCATALOG_COMPILER_APPICON_NAME = AppIcon;
				ASSETCATALOG_COMPILER_GLOBAL_ACCENT_COLOR_NAME = AccentColor;
				CODE_SIGN_STYLE = Automatic;
				CURRENT_PROJECT_VERSION = 1;
				GENERATE_INFOPLIST_FILE = YES;
				INFOPLIST_FILE = TableViewDemo/Info.plist;
				INFOPLIST_KEY_UIApplicationSupportsIndirectInputEvents = YES;
				INFOPLIST_KEY_UILaunchStoryboardName = LaunchScreen;
				INFOPLIST_KEY_UIMainStoryboardFile = Main;
				INFOPLIST_KEY_UISupportedInterfaceOrientations_iPad = "UIInterfaceOrientationPortrait UIInterfaceOrientationPortraitUpsideDown UIInterfaceOrientationLandscapeLeft UIInterfaceOrientationLandscapeRight";
				INFOPLIST_KEY_UISupportedInterfaceOrientations_iPhone = "UIInterfaceOrientationPortrait UIInterfaceOrientationLandscapeLeft UIInterfaceOrientationLandscapeRight";
				LD_RUNPATH_SEARCH_PATHS = (
					"$(inherited)",
					"@executable_path/Frameworks",
				);
				MARKETING_VERSION = 1.0;
				PRODUCT_BUNDLE_IDENTIFIER = nwmsu.TableViewDemo;
				PRODUCT_NAME = "$(TARGET_NAME)";
				SWIFT_EMIT_LOC_STRINGS = YES;
				SWIFT_VERSION = 5.0;
				TARGETED_DEVICE_FAMILY = "1,2";
			};
			name = Debug;
		};
		75D389CA27F367B0002F698B /* Release */ = {
			isa = XCBuildConfiguration;
			buildSettings = {
				ASSETCATALOG_COMPILER_APPICON_NAME = AppIcon;
				ASSETCATALOG_COMPILER_GLOBAL_ACCENT_COLOR_NAME = AccentColor;
				CODE_SIGN_STYLE = Automatic;
				CURRENT_PROJECT_VERSION = 1;
				GENERATE_INFOPLIST_FILE = YES;
				INFOPLIST_FILE = TableViewDemo/Info.plist;
				INFOPLIST_KEY_UIApplicationSupportsIndirectInputEvents = YES;
				INFOPLIST_KEY_UILaunchStoryboardName = LaunchScreen;
				INFOPLIST_KEY_UIMainStoryboardFile = Main;
				INFOPLIST_KEY_UISupportedInterfaceOrientations_iPad = "UIInterfaceOrientationPortrait UIInterfaceOrientationPortraitUpsideDown UIInterfaceOrientationLandscapeLeft UIInterfaceOrientationLandscapeRight";
				INFOPLIST_KEY_UISupportedInterfaceOrientations_iPhone = "UIInterfaceOrientationPortrait UIInterfaceOrientationLandscapeLeft UIInterfaceOrientationLandscapeRight";
				LD_RUNPATH_SEARCH_PATHS = (
					"$(inherited)",
					"@executable_path/Frameworks",
				);
				MARKETING_VERSION = 1.0;
				PRODUCT_BUNDLE_IDENTIFIER = nwmsu.TableViewDemo;
				PRODUCT_NAME = "$(TARGET_NAME)";
				SWIFT_EMIT_LOC_STRINGS = YES;
				SWIFT_VERSION = 5.0;
				TARGETED_DEVICE_FAMILY = "1,2";
			};
			name = Release;
		};
		75D389CC27F367B0002F698B /* Debug */ = {
			isa = XCBuildConfiguration;
			buildSettings = {
				ALWAYS_EMBED_SWIFT_STANDARD_LIBRARIES = YES;
				BUNDLE_LOADER = "$(TEST_HOST)";
				CODE_SIGN_STYLE = Automatic;
				CURRENT_PROJECT_VERSION = 1;
				GENERATE_INFOPLIST_FILE = YES;
				IPHONEOS_DEPLOYMENT_TARGET = 15.2;
				MARKETING_VERSION = 1.0;
				PRODUCT_BUNDLE_IDENTIFIER = nwmsu.TableViewDemoTests;
				PRODUCT_NAME = "$(TARGET_NAME)";
				SWIFT_EMIT_LOC_STRINGS = NO;
				SWIFT_VERSION = 5.0;
				TARGETED_DEVICE_FAMILY = "1,2";
				TEST_HOST = "$(BUILT_PRODUCTS_DIR)/TableViewDemo.app/TableViewDemo";
			};
			name = Debug;
		};
		75D389CD27F367B0002F698B /* Release */ = {
			isa = XCBuildConfiguration;
			buildSettings = {
				ALWAYS_EMBED_SWIFT_STANDARD_LIBRARIES = YES;
				BUNDLE_LOADER = "$(TEST_HOST)";
				CODE_SIGN_STYLE = Automatic;
				CURRENT_PROJECT_VERSION = 1;
				GENERATE_INFOPLIST_FILE = YES;
				IPHONEOS_DEPLOYMENT_TARGET = 15.2;
				MARKETING_VERSION = 1.0;
				PRODUCT_BUNDLE_IDENTIFIER = nwmsu.TableViewDemoTests;
				PRODUCT_NAME = "$(TARGET_NAME)";
				SWIFT_EMIT_LOC_STRINGS = NO;
				SWIFT_VERSION = 5.0;
				TARGETED_DEVICE_FAMILY = "1,2";
				TEST_HOST = "$(BUILT_PRODUCTS_DIR)/TableViewDemo.app/TableViewDemo";
			};
			name = Release;
		};
		75D389CF27F367B0002F698B /* Debug */ = {
			isa = XCBuildConfiguration;
			buildSettings = {
				ALWAYS_EMBED_SWIFT_STANDARD_LIBRARIES = YES;
				CODE_SIGN_STYLE = Automatic;
				CURRENT_PROJECT_VERSION = 1;
				GENERATE_INFOPLIST_FILE = YES;
				MARKETING_VERSION = 1.0;
				PRODUCT_BUNDLE_IDENTIFIER = nwmsu.TableViewDemoUITests;
				PRODUCT_NAME = "$(TARGET_NAME)";
				SWIFT_EMIT_LOC_STRINGS = NO;
				SWIFT_VERSION = 5.0;
				TARGETED_DEVICE_FAMILY = "1,2";
				TEST_TARGET_NAME = TableViewDemo;
			};
			name = Debug;
		};
		75D389D027F367B0002F698B /* Release */ = {
			isa = XCBuildConfiguration;
			buildSettings = {
				ALWAYS_EMBED_SWIFT_STANDARD_LIBRARIES = YES;
				CODE_SIGN_STYLE = Automatic;
				CURRENT_PROJECT_VERSION = 1;
				GENERATE_INFOPLIST_FILE = YES;
				MARKETING_VERSION = 1.0;
				PRODUCT_BUNDLE_IDENTIFIER = nwmsu.TableViewDemoUITests;
				PRODUCT_NAME = "$(TARGET_NAME)";
				SWIFT_EMIT_LOC_STRINGS = NO;
				SWIFT_VERSION = 5.0;
				TARGETED_DEVICE_FAMILY = "1,2";
				TEST_TARGET_NAME = TableViewDemo;
			};
			name = Release;
		};
/* End XCBuildConfiguration section */

/* Begin XCConfigurationList section */
		75D3899927F367AE002F698B /* Build configuration list for PBXProject "TableViewDemo" */ = {
			isa = XCConfigurationList;
			buildConfigurations = (
				75D389C627F367B0002F698B /* Debug */,
				75D389C727F367B0002F698B /* Release */,
			);
			defaultConfigurationIsVisible = 0;
			defaultConfigurationName = Release;
		};
		75D389C827F367B0002F698B /* Build configuration list for PBXNativeTarget "TableViewDemo" */ = {
			isa = XCConfigurationList;
			buildConfigurations = (
				75D389C927F367B0002F698B /* Debug */,
				75D389CA27F367B0002F698B /* Release */,
			);
			defaultConfigurationIsVisible = 0;
			defaultConfigurationName = Release;
		};
		75D389CB27F367B0002F698B /* Build configuration list for PBXNativeTarget "TableViewDemoTests" */ = {
			isa = XCConfigurationList;
			buildConfigurations = (
				75D389CC27F367B0002F698B /* Debug */,
				75D389CD27F367B0002F698B /* Release */,
			);
			defaultConfigurationIsVisible = 0;
			defaultConfigurationName = Release;
		};
		75D389CE27F367B0002F698B /* Build configuration list for PBXNativeTarget "TableViewDemoUITests" */ = {
			isa = XCConfigurationList;
			buildConfigurations = (
				75D389CF27F367B0002F698B /* Debug */,
				75D389D027F367B0002F698B /* Release */,
			);
			defaultConfigurationIsVisible = 0;
			defaultConfigurationName = Release;
		};
/* End XCConfigurationList section */
	};
	rootObject = 75D3899627F367AE002F698B /* Project object */;
}
