// !$*UTF8*$!
{
	archiveVersion = 1;
	classes = {
	};
	objectVersion = 55;
	objects = {

/* Begin PBXBuildFile section */
		75B99BBB27A310460095A0DD /* AppDelegate.swift in Sources */ = {isa = PBXBuildFile; fileRef = 75B99BBA27A310460095A0DD /* AppDelegate.swift */; };
		75B99BBD27A310460095A0DD /* SceneDelegate.swift in Sources */ = {isa = PBXBuildFile; fileRef = 75B99BBC27A310460095A0DD /* SceneDelegate.swift */; };
		75B99BBF27A310460095A0DD /* ViewController.swift in Sources */ = {isa = PBXBuildFile; fileRef = 75B99BBE27A310460095A0DD /* ViewController.swift */; };
		75B99BC227A310460095A0DD /* Main.storyboard in Resources */ = {isa = PBXBuildFile; fileRef = 75B99BC027A310460095A0DD /* Main.storyboard */; };
		75B99BC427A310490095A0DD /* Assets.xcassets in Resources */ = {isa = PBXBuildFile; fileRef = 75B99BC327A310490095A0DD /* Assets.xcassets */; };
		75B99BC727A310490095A0DD /* LaunchScreen.storyboard in Resources */ = {isa = PBXBuildFile; fileRef = 75B99BC527A310490095A0DD /* LaunchScreen.storyboard */; };
		75B99BD227A310490095A0DD /* SimpleCalcTests.swift in Sources */ = {isa = PBXBuildFile; fileRef = 75B99BD127A310490095A0DD /* SimpleCalcTests.swift */; };
		75B99BDC27A310490095A0DD /* SimpleCalcUITests.swift in Sources */ = {isa = PBXBuildFile; fileRef = 75B99BDB27A310490095A0DD /* SimpleCalcUITests.swift */; };
		75B99BDE27A310490095A0DD /* SimpleCalcUITestsLaunchTests.swift in Sources */ = {isa = PBXBuildFile; fileRef = 75B99BDD27A310490095A0DD /* SimpleCalcUITestsLaunchTests.swift */; };
/* End PBXBuildFile section */

/* Begin PBXContainerItemProxy section */
		75B99BCE27A310490095A0DD /* PBXContainerItemProxy */ = {
			isa = PBXContainerItemProxy;
			containerPortal = 75B99BAF27A310460095A0DD /* Project object */;
			proxyType = 1;
			remoteGlobalIDString = 75B99BB627A310460095A0DD;
			remoteInfo = SimpleCalc;
		};
		75B99BD827A310490095A0DD /* PBXContainerItemProxy */ = {
			isa = PBXContainerItemProxy;
			containerPortal = 75B99BAF27A310460095A0DD /* Project object */;
			proxyType = 1;
			remoteGlobalIDString = 75B99BB627A310460095A0DD;
			remoteInfo = SimpleCalc;
		};
/* End PBXContainerItemProxy section */

/* Begin PBXFileReference section */
		75B99BB727A310460095A0DD /* SimpleCalc.app */ = {isa = PBXFileReference; explicitFileType = wrapper.application; includeInIndex = 0; path = SimpleCalc.app; sourceTree = BUILT_PRODUCTS_DIR; };
		75B99BBA27A310460095A0DD /* AppDelegate.swift */ = {isa = PBXFileReference; lastKnownFileType = sourcecode.swift; path = AppDelegate.swift; sourceTree = "<group>"; };
		75B99BBC27A310460095A0DD /* SceneDelegate.swift */ = {isa = PBXFileReference; lastKnownFileType = sourcecode.swift; path = SceneDelegate.swift; sourceTree = "<group>"; };
		75B99BBE27A310460095A0DD /* ViewController.swift */ = {isa = PBXFileReference; lastKnownFileType = sourcecode.swift; path = ViewController.swift; sourceTree = "<group>"; };
		75B99BC127A310460095A0DD /* Base */ = {isa = PBXFileReference; lastKnownFileType = file.storyboard; name = Base; path = Base.lproj/Main.storyboard; sourceTree = "<group>"; };
		75B99BC327A310490095A0DD /* Assets.xcassets */ = {isa = PBXFileReference; lastKnownFileType = folder.assetcatalog; path = Assets.xcassets; sourceTree = "<group>"; };
		75B99BC627A310490095A0DD /* Base */ = {isa = PBXFileReference; lastKnownFileType = file.storyboard; name = Base; path = Base.lproj/LaunchScreen.storyboard; sourceTree = "<group>"; };
		75B99BC827A310490095A0DD /* Info.plist */ = {isa = PBXFileReference; lastKnownFileType = text.plist.xml; path = Info.plist; sourceTree = "<group>"; };
		75B99BCD27A310490095A0DD /* SimpleCalcTests.xctest */ = {isa = PBXFileReference; explicitFileType = wrapper.cfbundle; includeInIndex = 0; path = SimpleCalcTests.xctest; sourceTree = BUILT_PRODUCTS_DIR; };
		75B99BD127A310490095A0DD /* SimpleCalcTests.swift */ = {isa = PBXFileReference; lastKnownFileType = sourcecode.swift; path = SimpleCalcTests.swift; sourceTree = "<group>"; };
		75B99BD727A310490095A0DD /* SimpleCalcUITests.xctest */ = {isa = PBXFileReference; explicitFileType = wrapper.cfbundle; includeInIndex = 0; path = SimpleCalcUITests.xctest; sourceTree = BUILT_PRODUCTS_DIR; };
		75B99BDB27A310490095A0DD /* SimpleCalcUITests.swift */ = {isa = PBXFileReference; lastKnownFileType = sourcecode.swift; path = SimpleCalcUITests.swift; sourceTree = "<group>"; };
		75B99BDD27A310490095A0DD /* SimpleCalcUITestsLaunchTests.swift */ = {isa = PBXFileReference; lastKnownFileType = sourcecode.swift; path = SimpleCalcUITestsLaunchTests.swift; sourceTree = "<group>"; };
/* End PBXFileReference section */

/* Begin PBXFrameworksBuildPhase section */
		75B99BB427A310460095A0DD /* Frameworks */ = {
			isa = PBXFrameworksBuildPhase;
			buildActionMask = 2147483647;
			files = (
			);
			runOnlyForDeploymentPostprocessing = 0;
		};
		75B99BCA27A310490095A0DD /* Frameworks */ = {
			isa = PBXFrameworksBuildPhase;
			buildActionMask = 2147483647;
			files = (
			);
			runOnlyForDeploymentPostprocessing = 0;
		};
		75B99BD427A310490095A0DD /* Frameworks */ = {
			isa = PBXFrameworksBuildPhase;
			buildActionMask = 2147483647;
			files = (
			);
			runOnlyForDeploymentPostprocessing = 0;
		};
/* End PBXFrameworksBuildPhase section */

/* Begin PBXGroup section */
		75B99BAE27A310460095A0DD = {
			isa = PBXGroup;
			children = (
				75B99BB927A310460095A0DD /* SimpleCalc */,
				75B99BD027A310490095A0DD /* SimpleCalcTests */,
				75B99BDA27A310490095A0DD /* SimpleCalcUITests */,
				75B99BB827A310460095A0DD /* Products */,
			);
			sourceTree = "<group>";
		};
		75B99BB827A310460095A0DD /* Products */ = {
			isa = PBXGroup;
			children = (
				75B99BB727A310460095A0DD /* SimpleCalc.app */,
				75B99BCD27A310490095A0DD /* SimpleCalcTests.xctest */,
				75B99BD727A310490095A0DD /* SimpleCalcUITests.xctest */,
			);
			name = Products;
			sourceTree = "<group>";
		};
		75B99BB927A310460095A0DD /* SimpleCalc */ = {
			isa = PBXGroup;
			children = (
				75B99BBA27A310460095A0DD /* AppDelegate.swift */,
				75B99BBC27A310460095A0DD /* SceneDelegate.swift */,
				75B99BBE27A310460095A0DD /* ViewController.swift */,
				75B99BC027A310460095A0DD /* Main.storyboard */,
				75B99BC327A310490095A0DD /* Assets.xcassets */,
				75B99BC527A310490095A0DD /* LaunchScreen.storyboard */,
				75B99BC827A310490095A0DD /* Info.plist */,
			);
			path = SimpleCalc;
			sourceTree = "<group>";
		};
		75B99BD027A310490095A0DD /* SimpleCalcTests */ = {
			isa = PBXGroup;
			children = (
				75B99BD127A310490095A0DD /* SimpleCalcTests.swift */,
			);
			path = SimpleCalcTests;
			sourceTree = "<group>";
		};
		75B99BDA27A310490095A0DD /* SimpleCalcUITests */ = {
			isa = PBXGroup;
			children = (
				75B99BDB27A310490095A0DD /* SimpleCalcUITests.swift */,
				75B99BDD27A310490095A0DD /* SimpleCalcUITestsLaunchTests.swift */,
			);
			path = SimpleCalcUITests;
			sourceTree = "<group>";
		};
/* End PBXGroup section */

/* Begin PBXNativeTarget section */
		75B99BB627A310460095A0DD /* SimpleCalc */ = {
			isa = PBXNativeTarget;
			buildConfigurationList = 75B99BE127A310490095A0DD /* Build configuration list for PBXNativeTarget "SimpleCalc" */;
			buildPhases = (
				75B99BB327A310460095A0DD /* Sources */,
				75B99BB427A310460095A0DD /* Frameworks */,
				75B99BB527A310460095A0DD /* Resources */,
			);
			buildRules = (
			);
			dependencies = (
			);
			name = SimpleCalc;
			productName = SimpleCalc;
			productReference = 75B99BB727A310460095A0DD /* SimpleCalc.app */;
			productType = "com.apple.product-type.application";
		};
		75B99BCC27A310490095A0DD /* SimpleCalcTests */ = {
			isa = PBXNativeTarget;
			buildConfigurationList = 75B99BE427A310490095A0DD /* Build configuration list for PBXNativeTarget "SimpleCalcTests" */;
			buildPhases = (
				75B99BC927A310490095A0DD /* Sources */,
				75B99BCA27A310490095A0DD /* Frameworks */,
				75B99BCB27A310490095A0DD /* Resources */,
			);
			buildRules = (
			);
			dependencies = (
				75B99BCF27A310490095A0DD /* PBXTargetDependency */,
			);
			name = SimpleCalcTests;
			productName = SimpleCalcTests;
			productReference = 75B99BCD27A310490095A0DD /* SimpleCalcTests.xctest */;
			productType = "com.apple.product-type.bundle.unit-test";
		};
		75B99BD627A310490095A0DD /* SimpleCalcUITests */ = {
			isa = PBXNativeTarget;
			buildConfigurationList = 75B99BE727A310490095A0DD /* Build configuration list for PBXNativeTarget "SimpleCalcUITests" */;
			buildPhases = (
				75B99BD327A310490095A0DD /* Sources */,
				75B99BD427A310490095A0DD /* Frameworks */,
				75B99BD527A310490095A0DD /* Resources */,
			);
			buildRules = (
			);
			dependencies = (
				75B99BD927A310490095A0DD /* PBXTargetDependency */,
			);
			name = SimpleCalcUITests;
			productName = SimpleCalcUITests;
			productReference = 75B99BD727A310490095A0DD /* SimpleCalcUITests.xctest */;
			productType = "com.apple.product-type.bundle.ui-testing";
		};
/* End PBXNativeTarget section */

/* Begin PBXProject section */
		75B99BAF27A310460095A0DD /* Project object */ = {
			isa = PBXProject;
			attributes = {
				BuildIndependentTargetsInParallel = 1;
				LastSwiftUpdateCheck = 1320;
				LastUpgradeCheck = 1320;
				TargetAttributes = {
					75B99BB627A310460095A0DD = {
						CreatedOnToolsVersion = 13.2.1;
					};
					75B99BCC27A310490095A0DD = {
						CreatedOnToolsVersion = 13.2.1;
						TestTargetID = 75B99BB627A310460095A0DD;
					};
					75B99BD627A310490095A0DD = {
						CreatedOnToolsVersion = 13.2.1;
						TestTargetID = 75B99BB627A310460095A0DD;
					};
				};
			};
			buildConfigurationList = 75B99BB227A310460095A0DD /* Build configuration list for PBXProject "SimpleCalc" */;
			compatibilityVersion = "Xcode 13.0";
			developmentRegion = en;
			hasScannedForEncodings = 0;
			knownRegions = (
				en,
				Base,
			);
			mainGroup = 75B99BAE27A310460095A0DD;
			productRefGroup = 75B99BB827A310460095A0DD /* Products */;
			projectDirPath = "";
			projectRoot = "";
			targets = (
				75B99BB627A310460095A0DD /* SimpleCalc */,
				75B99BCC27A310490095A0DD /* SimpleCalcTests */,
				75B99BD627A310490095A0DD /* SimpleCalcUITests */,
			);
		};
/* End PBXProject section */

/* Begin PBXResourcesBuildPhase section */
		75B99BB527A310460095A0DD /* Resources */ = {
			isa = PBXResourcesBuildPhase;
			buildActionMask = 2147483647;
			files = (
				75B99BC727A310490095A0DD /* LaunchScreen.storyboard in Resources */,
				75B99BC427A310490095A0DD /* Assets.xcassets in Resources */,
				75B99BC227A310460095A0DD /* Main.storyboard in Resources */,
			);
			runOnlyForDeploymentPostprocessing = 0;
		};
		75B99BCB27A310490095A0DD /* Resources */ = {
			isa = PBXResourcesBuildPhase;
			buildActionMask = 2147483647;
			files = (
			);
			runOnlyForDeploymentPostprocessing = 0;
		};
		75B99BD527A310490095A0DD /* Resources */ = {
			isa = PBXResourcesBuildPhase;
			buildActionMask = 2147483647;
			files = (
			);
			runOnlyForDeploymentPostprocessing = 0;
		};
/* End PBXResourcesBuildPhase section */

/* Begin PBXSourcesBuildPhase section */
		75B99BB327A310460095A0DD /* Sources */ = {
			isa = PBXSourcesBuildPhase;
			buildActionMask = 2147483647;
			files = (
				75B99BBF27A310460095A0DD /* ViewController.swift in Sources */,
				75B99BBB27A310460095A0DD /* AppDelegate.swift in Sources */,
				75B99BBD27A310460095A0DD /* SceneDelegate.swift in Sources */,
			);
			runOnlyForDeploymentPostprocessing = 0;
		};
		75B99BC927A310490095A0DD /* Sources */ = {
			isa = PBXSourcesBuildPhase;
			buildActionMask = 2147483647;
			files = (
				75B99BD227A310490095A0DD /* SimpleCalcTests.swift in Sources */,
			);
			runOnlyForDeploymentPostprocessing = 0;
		};
		75B99BD327A310490095A0DD /* Sources */ = {
			isa = PBXSourcesBuildPhase;
			buildActionMask = 2147483647;
			files = (
				75B99BDC27A310490095A0DD /* SimpleCalcUITests.swift in Sources */,
				75B99BDE27A310490095A0DD /* SimpleCalcUITestsLaunchTests.swift in Sources */,
			);
			runOnlyForDeploymentPostprocessing = 0;
		};
/* End PBXSourcesBuildPhase section */

/* Begin PBXTargetDependency section */
		75B99BCF27A310490095A0DD /* PBXTargetDependency */ = {
			isa = PBXTargetDependency;
			target = 75B99BB627A310460095A0DD /* SimpleCalc */;
			targetProxy = 75B99BCE27A310490095A0DD /* PBXContainerItemProxy */;
		};
		75B99BD927A310490095A0DD /* PBXTargetDependency */ = {
			isa = PBXTargetDependency;
			target = 75B99BB627A310460095A0DD /* SimpleCalc */;
			targetProxy = 75B99BD827A310490095A0DD /* PBXContainerItemProxy */;
		};
/* End PBXTargetDependency section */

/* Begin PBXVariantGroup section */
		75B99BC027A310460095A0DD /* Main.storyboard */ = {
			isa = PBXVariantGroup;
			children = (
				75B99BC127A310460095A0DD /* Base */,
			);
			name = Main.storyboard;
			sourceTree = "<group>";
		};
		75B99BC527A310490095A0DD /* LaunchScreen.storyboard */ = {
			isa = PBXVariantGroup;
			children = (
				75B99BC627A310490095A0DD /* Base */,
			);
			name = LaunchScreen.storyboard;
			sourceTree = "<group>";
		};
/* End PBXVariantGroup section */

/* Begin XCBuildConfiguration section */
		75B99BDF27A310490095A0DD /* Debug */ = {
			isa = XCBuildConfiguration;
			buildSettings = {
				ALWAYS_SEARCH_USER_PATHS = NO;
				CLANG_ANALYZER_NONNULL = YES;
				CLANG_ANALYZER_NUMBER_OBJECT_CONVERSION = YES_AGGRESSIVE;
				CLANG_CXX_LANGUAGE_STANDARD = "gnu++17";
				CLANG_CXX_LIBRARY = "libc++";
				CLANG_ENABLE_MODULES = YES;
				CLANG_ENABLE_OBJC_ARC = YES;
				CLANG_ENABLE_OBJC_WEAK = YES;
				CLANG_WARN_BLOCK_CAPTURE_AUTORELEASING = YES;
				CLANG_WARN_BOOL_CONVERSION = YES;
				CLANG_WARN_COMMA = YES;
				CLANG_WARN_CONSTANT_CONVERSION = YES;
				CLANG_WARN_DEPRECATED_OBJC_IMPLEMENTATIONS = YES;
				CLANG_WARN_DIRECT_OBJC_ISA_USAGE = YES_ERROR;
				CLANG_WARN_DOCUMENTATION_COMMENTS = YES;
				CLANG_WARN_EMPTY_BODY = YES;
				CLANG_WARN_ENUM_CONVERSION = YES;
				CLANG_WARN_INFINITE_RECURSION = YES;
				CLANG_WARN_INT_CONVERSION = YES;
				CLANG_WARN_NON_LITERAL_NULL_CONVERSION = YES;
				CLANG_WARN_OBJC_IMPLICIT_RETAIN_SELF = YES;
				CLANG_WARN_OBJC_LITERAL_CONVERSION = YES;
				CLANG_WARN_OBJC_ROOT_CLASS = YES_ERROR;
				CLANG_WARN_QUOTED_INCLUDE_IN_FRAMEWORK_HEADER = YES;
				CLANG_WARN_RANGE_LOOP_ANALYSIS = YES;
				CLANG_WARN_STRICT_PROTOTYPES = YES;
				CLANG_WARN_SUSPICIOUS_MOVE = YES;
				CLANG_WARN_UNGUARDED_AVAILABILITY = YES_AGGRESSIVE;
				CLANG_WARN_UNREACHABLE_CODE = YES;
				CLANG_WARN__DUPLICATE_METHOD_MATCH = YES;
				COPY_PHASE_STRIP = NO;
				DEBUG_INFORMATION_FORMAT = dwarf;
				ENABLE_STRICT_OBJC_MSGSEND = YES;
				ENABLE_TESTABILITY = YES;
				GCC_C_LANGUAGE_STANDARD = gnu11;
				GCC_DYNAMIC_NO_PIC = NO;
				GCC_NO_COMMON_BLOCKS = YES;
				GCC_OPTIMIZATION_LEVEL = 0;
				GCC_PREPROCESSOR_DEFINITIONS = (
					"DEBUG=1",
					"$(inherited)",
				);
				GCC_WARN_64_TO_32_BIT_CONVERSION = YES;
				GCC_WARN_ABOUT_RETURN_TYPE = YES_ERROR;
				GCC_WARN_UNDECLARED_SELECTOR = YES;
				GCC_WARN_UNINITIALIZED_AUTOS = YES_AGGRESSIVE;
				GCC_WARN_UNUSED_FUNCTION = YES;
				GCC_WARN_UNUSED_VARIABLE = YES;
				IPHONEOS_DEPLOYMENT_TARGET = 15.2;
				MTL_ENABLE_DEBUG_INFO = INCLUDE_SOURCE;
				MTL_FAST_MATH = YES;
				ONLY_ACTIVE_ARCH = YES;
				SDKROOT = iphoneos;
				SWIFT_ACTIVE_COMPILATION_CONDITIONS = DEBUG;
				SWIFT_OPTIMIZATION_LEVEL = "-Onone";
			};
			name = Debug;
		};
		75B99BE027A310490095A0DD /* Release */ = {
			isa = XCBuildConfiguration;
			buildSettings = {
				ALWAYS_SEARCH_USER_PATHS = NO;
				CLANG_ANALYZER_NONNULL = YES;
				CLANG_ANALYZER_NUMBER_OBJECT_CONVERSION = YES_AGGRESSIVE;
				CLANG_CXX_LANGUAGE_STANDARD = "gnu++17";
				CLANG_CXX_LIBRARY = "libc++";
				CLANG_ENABLE_MODULES = YES;
				CLANG_ENABLE_OBJC_ARC = YES;
				CLANG_ENABLE_OBJC_WEAK = YES;
				CLANG_WARN_BLOCK_CAPTURE_AUTORELEASING = YES;
				CLANG_WARN_BOOL_CONVERSION = YES;
				CLANG_WARN_COMMA = YES;
				CLANG_WARN_CONSTANT_CONVERSION = YES;
				CLANG_WARN_DEPRECATED_OBJC_IMPLEMENTATIONS = YES;
				CLANG_WARN_DIRECT_OBJC_ISA_USAGE = YES_ERROR;
				CLANG_WARN_DOCUMENTATION_COMMENTS = YES;
				CLANG_WARN_EMPTY_BODY = YES;
				CLANG_WARN_ENUM_CONVERSION = YES;
				CLANG_WARN_INFINITE_RECURSION = YES;
				CLANG_WARN_INT_CONVERSION = YES;
				CLANG_WARN_NON_LITERAL_NULL_CONVERSION = YES;
				CLANG_WARN_OBJC_IMPLICIT_RETAIN_SELF = YES;
				CLANG_WARN_OBJC_LITERAL_CONVERSION = YES;
				CLANG_WARN_OBJC_ROOT_CLASS = YES_ERROR;
				CLANG_WARN_QUOTED_INCLUDE_IN_FRAMEWORK_HEADER = YES;
				CLANG_WARN_RANGE_LOOP_ANALYSIS = YES;
				CLANG_WARN_STRICT_PROTOTYPES = YES;
				CLANG_WARN_SUSPICIOUS_MOVE = YES;
				CLANG_WARN_UNGUARDED_AVAILABILITY = YES_AGGRESSIVE;
				CLANG_WARN_UNREACHABLE_CODE = YES;
				CLANG_WARN__DUPLICATE_METHOD_MATCH = YES;
				COPY_PHASE_STRIP = NO;
				DEBUG_INFORMATION_FORMAT = "dwarf-with-dsym";
				ENABLE_NS_ASSERTIONS = NO;
				ENABLE_STRICT_OBJC_MSGSEND = YES;
				GCC_C_LANGUAGE_STANDARD = gnu11;
				GCC_NO_COMMON_BLOCKS = YES;
				GCC_WARN_64_TO_32_BIT_CONVERSION = YES;
				GCC_WARN_ABOUT_RETURN_TYPE = YES_ERROR;
				GCC_WARN_UNDECLARED_SELECTOR = YES;
				GCC_WARN_UNINITIALIZED_AUTOS = YES_AGGRESSIVE;
				GCC_WARN_UNUSED_FUNCTION = YES;
				GCC_WARN_UNUSED_VARIABLE = YES;
				IPHONEOS_DEPLOYMENT_TARGET = 15.2;
				MTL_ENABLE_DEBUG_INFO = NO;
				MTL_FAST_MATH = YES;
				SDKROOT = iphoneos;
				SWIFT_COMPILATION_MODE = wholemodule;
				SWIFT_OPTIMIZATION_LEVEL = "-O";
				VALIDATE_PRODUCT = YES;
			};
			name = Release;
		};
		75B99BE227A310490095A0DD /* Debug */ = {
			isa = XCBuildConfiguration;
			buildSettings = {
				ASSETCATALOG_COMPILER_APPICON_NAME = AppIcon;
				ASSETCATALOG_COMPILER_GLOBAL_ACCENT_COLOR_NAME = AccentColor;
				CODE_SIGN_STYLE = Automatic;
				CURRENT_PROJECT_VERSION = 1;
				GENERATE_INFOPLIST_FILE = YES;
				INFOPLIST_FILE = SimpleCalc/Info.plist;
				INFOPLIST_KEY_UIApplicationSupportsIndirectInputEvents = YES;
				INFOPLIST_KEY_UILaunchStoryboardName = LaunchScreen;
				INFOPLIST_KEY_UIMainStoryboardFile = Main;
				INFOPLIST_KEY_UISupportedInterfaceOrientations_iPad = "UIInterfaceOrientationPortrait UIInterfaceOrientationPortraitUpsideDown UIInterfaceOrientationLandscapeLeft UIInterfaceOrientationLandscapeRight";
				INFOPLIST_KEY_UISupportedInterfaceOrientations_iPhone = "UIInterfaceOrientationPortrait UIInterfaceOrientationLandscapeLeft UIInterfaceOrientationLandscapeRight";
				LD_RUNPATH_SEARCH_PATHS = (
					"$(inherited)",
					"@executable_path/Frameworks",
				);
				MARKETING_VERSION = 1.0;
				PRODUCT_BUNDLE_IDENTIFIER = nwmsu.SimpleCalc;
				PRODUCT_NAME = "$(TARGET_NAME)";
				SWIFT_EMIT_LOC_STRINGS = YES;
				SWIFT_VERSION = 5.0;
				TARGETED_DEVICE_FAMILY = "1,2";
			};
			name = Debug;
		};
		75B99BE327A310490095A0DD /* Release */ = {
			isa = XCBuildConfiguration;
			buildSettings = {
				ASSETCATALOG_COMPILER_APPICON_NAME = AppIcon;
				ASSETCATALOG_COMPILER_GLOBAL_ACCENT_COLOR_NAME = AccentColor;
				CODE_SIGN_STYLE = Automatic;
				CURRENT_PROJECT_VERSION = 1;
				GENERATE_INFOPLIST_FILE = YES;
				INFOPLIST_FILE = SimpleCalc/Info.plist;
				INFOPLIST_KEY_UIApplicationSupportsIndirectInputEvents = YES;
				INFOPLIST_KEY_UILaunchStoryboardName = LaunchScreen;
				INFOPLIST_KEY_UIMainStoryboardFile = Main;
				INFOPLIST_KEY_UISupportedInterfaceOrientations_iPad = "UIInterfaceOrientationPortrait UIInterfaceOrientationPortraitUpsideDown UIInterfaceOrientationLandscapeLeft UIInterfaceOrientationLandscapeRight";
				INFOPLIST_KEY_UISupportedInterfaceOrientations_iPhone = "UIInterfaceOrientationPortrait UIInterfaceOrientationLandscapeLeft UIInterfaceOrientationLandscapeRight";
				LD_RUNPATH_SEARCH_PATHS = (
					"$(inherited)",
					"@executable_path/Frameworks",
				);
				MARKETING_VERSION = 1.0;
				PRODUCT_BUNDLE_IDENTIFIER = nwmsu.SimpleCalc;
				PRODUCT_NAME = "$(TARGET_NAME)";
				SWIFT_EMIT_LOC_STRINGS = YES;
				SWIFT_VERSION = 5.0;
				TARGETED_DEVICE_FAMILY = "1,2";
			};
			name = Release;
		};
		75B99BE527A310490095A0DD /* Debug */ = {
			isa = XCBuildConfiguration;
			buildSettings = {
				ALWAYS_EMBED_SWIFT_STANDARD_LIBRARIES = YES;
				BUNDLE_LOADER = "$(TEST_HOST)";
				CODE_SIGN_STYLE = Automatic;
				CURRENT_PROJECT_VERSION = 1;
				GENERATE_INFOPLIST_FILE = YES;
				IPHONEOS_DEPLOYMENT_TARGET = 15.2;
				MARKETING_VERSION = 1.0;
				PRODUCT_BUNDLE_IDENTIFIER = nwmsu.SimpleCalcTests;
				PRODUCT_NAME = "$(TARGET_NAME)";
				SWIFT_EMIT_LOC_STRINGS = NO;
				SWIFT_VERSION = 5.0;
				TARGETED_DEVICE_FAMILY = "1,2";
				TEST_HOST = "$(BUILT_PRODUCTS_DIR)/SimpleCalc.app/SimpleCalc";
			};
			name = Debug;
		};
		75B99BE627A310490095A0DD /* Release */ = {
			isa = XCBuildConfiguration;
			buildSettings = {
				ALWAYS_EMBED_SWIFT_STANDARD_LIBRARIES = YES;
				BUNDLE_LOADER = "$(TEST_HOST)";
				CODE_SIGN_STYLE = Automatic;
				CURRENT_PROJECT_VERSION = 1;
				GENERATE_INFOPLIST_FILE = YES;
				IPHONEOS_DEPLOYMENT_TARGET = 15.2;
				MARKETING_VERSION = 1.0;
				PRODUCT_BUNDLE_IDENTIFIER = nwmsu.SimpleCalcTests;
				PRODUCT_NAME = "$(TARGET_NAME)";
				SWIFT_EMIT_LOC_STRINGS = NO;
				SWIFT_VERSION = 5.0;
				TARGETED_DEVICE_FAMILY = "1,2";
				TEST_HOST = "$(BUILT_PRODUCTS_DIR)/SimpleCalc.app/SimpleCalc";
			};
			name = Release;
		};
		75B99BE827A310490095A0DD /* Debug */ = {
			isa = XCBuildConfiguration;
			buildSettings = {
				ALWAYS_EMBED_SWIFT_STANDARD_LIBRARIES = YES;
				CODE_SIGN_STYLE = Automatic;
				CURRENT_PROJECT_VERSION = 1;
				GENERATE_INFOPLIST_FILE = YES;
				MARKETING_VERSION = 1.0;
				PRODUCT_BUNDLE_IDENTIFIER = nwmsu.SimpleCalcUITests;
				PRODUCT_NAME = "$(TARGET_NAME)";
				SWIFT_EMIT_LOC_STRINGS = NO;
				SWIFT_VERSION = 5.0;
				TARGETED_DEVICE_FAMILY = "1,2";
				TEST_TARGET_NAME = SimpleCalc;
			};
			name = Debug;
		};
		75B99BE927A310490095A0DD /* Release */ = {
			isa = XCBuildConfiguration;
			buildSettings = {
				ALWAYS_EMBED_SWIFT_STANDARD_LIBRARIES = YES;
				CODE_SIGN_STYLE = Automatic;
				CURRENT_PROJECT_VERSION = 1;
				GENERATE_INFOPLIST_FILE = YES;
				MARKETING_VERSION = 1.0;
				PRODUCT_BUNDLE_IDENTIFIER = nwmsu.SimpleCalcUITests;
				PRODUCT_NAME = "$(TARGET_NAME)";
				SWIFT_EMIT_LOC_STRINGS = NO;
				SWIFT_VERSION = 5.0;
				TARGETED_DEVICE_FAMILY = "1,2";
				TEST_TARGET_NAME = SimpleCalc;
			};
			name = Release;
		};
/* End XCBuildConfiguration section */

/* Begin XCConfigurationList section */
		75B99BB227A310460095A0DD /* Build configuration list for PBXProject "SimpleCalc" */ = {
			isa = XCConfigurationList;
			buildConfigurations = (
				75B99BDF27A310490095A0DD /* Debug */,
				75B99BE027A310490095A0DD /* Release */,
			);
			defaultConfigurationIsVisible = 0;
			defaultConfigurationName = Release;
		};
		75B99BE127A310490095A0DD /* Build configuration list for PBXNativeTarget "SimpleCalc" */ = {
			isa = XCConfigurationList;
			buildConfigurations = (
				75B99BE227A310490095A0DD /* Debug */,
				75B99BE327A310490095A0DD /* Release */,
			);
			defaultConfigurationIsVisible = 0;
			defaultConfigurationName = Release;
		};
		75B99BE427A310490095A0DD /* Build configuration list for PBXNativeTarget "SimpleCalcTests" */ = {
			isa = XCConfigurationList;
			buildConfigurations = (
				75B99BE527A310490095A0DD /* Debug */,
				75B99BE627A310490095A0DD /* Release */,
			);
			defaultConfigurationIsVisible = 0;
			defaultConfigurationName = Release;
		};
		75B99BE727A310490095A0DD /* Build configuration list for PBXNativeTarget "SimpleCalcUITests" */ = {
			isa = XCConfigurationList;
			buildConfigurations = (
				75B99BE827A310490095A0DD /* Debug */,
				75B99BE927A310490095A0DD /* Release */,
			);
			defaultConfigurationIsVisible = 0;
			defaultConfigurationName = Release;
		};
/* End XCConfigurationList section */
	};
	rootObject = 75B99BAF27A310460095A0DD /* Project object */;
}
