// !$*UTF8*$!
{
	archiveVersion = 1;
	classes = {
	};
	objectVersion = 55;
	objects = {

/* Begin PBXBuildFile section */
		75D117F227BDEBD90023A277 /* AppDelegate.swift in Sources */ = {isa = PBXBuildFile; fileRef = 75D117F127BDEBD90023A277 /* AppDelegate.swift */; };
		75D117F427BDEBD90023A277 /* SceneDelegate.swift in Sources */ = {isa = PBXBuildFile; fileRef = 75D117F327BDEBD90023A277 /* SceneDelegate.swift */; };
		75D117F927BDEBD90023A277 /* Main.storyboard in Resources */ = {isa = PBXBuildFile; fileRef = 75D117F727BDEBD90023A277 /* Main.storyboard */; };
		75D117FB27BDEBDA0023A277 /* Assets.xcassets in Resources */ = {isa = PBXBuildFile; fileRef = 75D117FA27BDEBDA0023A277 /* Assets.xcassets */; };
		75D117FE27BDEBDA0023A277 /* LaunchScreen.storyboard in Resources */ = {isa = PBXBuildFile; fileRef = 75D117FC27BDEBDA0023A277 /* LaunchScreen.storyboard */; };
		75D1180927BDEBDA0023A277 /* Konda_CalculatorTests.swift in Sources */ = {isa = PBXBuildFile; fileRef = 75D1180827BDEBDA0023A277 /* Konda_CalculatorTests.swift */; };
		75D1181327BDEBDB0023A277 /* Konda_CalculatorUITests.swift in Sources */ = {isa = PBXBuildFile; fileRef = 75D1181227BDEBDB0023A277 /* Konda_CalculatorUITests.swift */; };
		75D1181527BDEBDB0023A277 /* Konda_CalculatorUITestsLaunchTests.swift in Sources */ = {isa = PBXBuildFile; fileRef = 75D1181427BDEBDB0023A277 /* Konda_CalculatorUITestsLaunchTests.swift */; };
/* End PBXBuildFile section */

/* Begin PBXContainerItemProxy section */
		75D1180527BDEBDA0023A277 /* PBXContainerItemProxy */ = {
			isa = PBXContainerItemProxy;
			containerPortal = 75D117E627BDEBD90023A277 /* Project object */;
			proxyType = 1;
			remoteGlobalIDString = 75D117ED27BDEBD90023A277;
			remoteInfo = Konda_Calculator;
		};
		75D1180F27BDEBDB0023A277 /* PBXContainerItemProxy */ = {
			isa = PBXContainerItemProxy;
			containerPortal = 75D117E627BDEBD90023A277 /* Project object */;
			proxyType = 1;
			remoteGlobalIDString = 75D117ED27BDEBD90023A277;
			remoteInfo = Konda_Calculator;
		};
/* End PBXContainerItemProxy section */

/* Begin PBXFileReference section */
		75D117EE27BDEBD90023A277 /* Konda_Calculator.app */ = {isa = PBXFileReference; explicitFileType = wrapper.application; includeInIndex = 0; path = Konda_Calculator.app; sourceTree = BUILT_PRODUCTS_DIR; };
		75D117F127BDEBD90023A277 /* AppDelegate.swift */ = {isa = PBXFileReference; lastKnownFileType = sourcecode.swift; path = AppDelegate.swift; sourceTree = "<group>"; };
		75D117F327BDEBD90023A277 /* SceneDelegate.swift */ = {isa = PBXFileReference; lastKnownFileType = sourcecode.swift; path = SceneDelegate.swift; sourceTree = "<group>"; };
		75D117F527BDEBD90023A277 /* ViewController.swift */ = {isa = PBXFileReference; lastKnownFileType = sourcecode.swift; path = ViewController.swift; sourceTree = "<group>"; };
		75D117F827BDEBD90023A277 /* Base */ = {isa = PBXFileReference; lastKnownFileType = file.storyboard; name = Base; path = Base.lproj/Main.storyboard; sourceTree = "<group>"; };
		75D117FA27BDEBDA0023A277 /* Assets.xcassets */ = {isa = PBXFileReference; lastKnownFileType = folder.assetcatalog; path = Assets.xcassets; sourceTree = "<group>"; };
		75D117FD27BDEBDA0023A277 /* Base */ = {isa = PBXFileReference; lastKnownFileType = file.storyboard; name = Base; path = Base.lproj/LaunchScreen.storyboard; sourceTree = "<group>"; };
		75D117FF27BDEBDA0023A277 /* Info.plist */ = {isa = PBXFileReference; lastKnownFileType = text.plist.xml; path = Info.plist; sourceTree = "<group>"; };
		75D1180427BDEBDA0023A277 /* Konda_CalculatorTests.xctest */ = {isa = PBXFileReference; explicitFileType = wrapper.cfbundle; includeInIndex = 0; path = Konda_CalculatorTests.xctest; sourceTree = BUILT_PRODUCTS_DIR; };
		75D1180827BDEBDA0023A277 /* Konda_CalculatorTests.swift */ = {isa = PBXFileReference; lastKnownFileType = sourcecode.swift; path = Konda_CalculatorTests.swift; sourceTree = "<group>"; };
		75D1180E27BDEBDB0023A277 /* Konda_CalculatorUITests.xctest */ = {isa = PBXFileReference; explicitFileType = wrapper.cfbundle; includeInIndex = 0; path = Konda_CalculatorUITests.xctest; sourceTree = BUILT_PRODUCTS_DIR; };
		75D1181227BDEBDB0023A277 /* Konda_CalculatorUITests.swift */ = {isa = PBXFileReference; lastKnownFileType = sourcecode.swift; path = Konda_CalculatorUITests.swift; sourceTree = "<group>"; };
		75D1181427BDEBDB0023A277 /* Konda_CalculatorUITestsLaunchTests.swift */ = {isa = PBXFileReference; lastKnownFileType = sourcecode.swift; path = Konda_CalculatorUITestsLaunchTests.swift; sourceTree = "<group>"; };
/* End PBXFileReference section */

/* Begin PBXFrameworksBuildPhase section */
		75D117EB27BDEBD90023A277 /* Frameworks */ = {
			isa = PBXFrameworksBuildPhase;
			buildActionMask = 2147483647;
			files = (
			);
			runOnlyForDeploymentPostprocessing = 0;
		};
		75D1180127BDEBDA0023A277 /* Frameworks */ = {
			isa = PBXFrameworksBuildPhase;
			buildActionMask = 2147483647;
			files = (
			);
			runOnlyForDeploymentPostprocessing = 0;
		};
		75D1180B27BDEBDB0023A277 /* Frameworks */ = {
			isa = PBXFrameworksBuildPhase;
			buildActionMask = 2147483647;
			files = (
			);
			runOnlyForDeploymentPostprocessing = 0;
		};
/* End PBXFrameworksBuildPhase section */

/* Begin PBXGroup section */
		75D117E527BDEBD90023A277 = {
			isa = PBXGroup;
			children = (
				75D117F027BDEBD90023A277 /* Konda_Calculator */,
				75D1180727BDEBDA0023A277 /* Konda_CalculatorTests */,
				75D1181127BDEBDB0023A277 /* Konda_CalculatorUITests */,
				75D117EF27BDEBD90023A277 /* Products */,
			);
			sourceTree = "<group>";
		};
		75D117EF27BDEBD90023A277 /* Products */ = {
			isa = PBXGroup;
			children = (
				75D117EE27BDEBD90023A277 /* Konda_Calculator.app */,
				75D1180427BDEBDA0023A277 /* Konda_CalculatorTests.xctest */,
				75D1180E27BDEBDB0023A277 /* Konda_CalculatorUITests.xctest */,
			);
			name = Products;
			sourceTree = "<group>";
		};
		75D117F027BDEBD90023A277 /* Konda_Calculator */ = {
			isa = PBXGroup;
			children = (
				75D117F127BDEBD90023A277 /* AppDelegate.swift */,
				75D117F327BDEBD90023A277 /* SceneDelegate.swift */,
				75D117F527BDEBD90023A277 /* ViewController.swift */,
				75D117F727BDEBD90023A277 /* Main.storyboard */,
				75D117FA27BDEBDA0023A277 /* Assets.xcassets */,
				75D117FC27BDEBDA0023A277 /* LaunchScreen.storyboard */,
				75D117FF27BDEBDA0023A277 /* Info.plist */,
			);
			path = Konda_Calculator;
			sourceTree = "<group>";
		};
		75D1180727BDEBDA0023A277 /* Konda_CalculatorTests */ = {
			isa = PBXGroup;
			children = (
				75D1180827BDEBDA0023A277 /* Konda_CalculatorTests.swift */,
			);
			path = Konda_CalculatorTests;
			sourceTree = "<group>";
		};
		75D1181127BDEBDB0023A277 /* Konda_CalculatorUITests */ = {
			isa = PBXGroup;
			children = (
				75D1181227BDEBDB0023A277 /* Konda_CalculatorUITests.swift */,
				75D1181427BDEBDB0023A277 /* Konda_CalculatorUITestsLaunchTests.swift */,
			);
			path = Konda_CalculatorUITests;
			sourceTree = "<group>";
		};
/* End PBXGroup section */

/* Begin PBXNativeTarget section */
		75D117ED27BDEBD90023A277 /* Konda_Calculator */ = {
			isa = PBXNativeTarget;
			buildConfigurationList = 75D1181827BDEBDB0023A277 /* Build configuration list for PBXNativeTarget "Konda_Calculator" */;
			buildPhases = (
				75D117EA27BDEBD90023A277 /* Sources */,
				75D117EB27BDEBD90023A277 /* Frameworks */,
				75D117EC27BDEBD90023A277 /* Resources */,
			);
			buildRules = (
			);
			dependencies = (
			);
			name = Konda_Calculator;
			productName = Konda_Calculator;
			productReference = 75D117EE27BDEBD90023A277 /* Konda_Calculator.app */;
			productType = "com.apple.product-type.application";
		};
		75D1180327BDEBDA0023A277 /* Konda_CalculatorTests */ = {
			isa = PBXNativeTarget;
			buildConfigurationList = 75D1181B27BDEBDB0023A277 /* Build configuration list for PBXNativeTarget "Konda_CalculatorTests" */;
			buildPhases = (
				75D1180027BDEBDA0023A277 /* Sources */,
				75D1180127BDEBDA0023A277 /* Frameworks */,
				75D1180227BDEBDA0023A277 /* Resources */,
			);
			buildRules = (
			);
			dependencies = (
				75D1180627BDEBDA0023A277 /* PBXTargetDependency */,
			);
			name = Konda_CalculatorTests;
			productName = Konda_CalculatorTests;
			productReference = 75D1180427BDEBDA0023A277 /* Konda_CalculatorTests.xctest */;
			productType = "com.apple.product-type.bundle.unit-test";
		};
		75D1180D27BDEBDB0023A277 /* Konda_CalculatorUITests */ = {
			isa = PBXNativeTarget;
			buildConfigurationList = 75D1181E27BDEBDB0023A277 /* Build configuration list for PBXNativeTarget "Konda_CalculatorUITests" */;
			buildPhases = (
				75D1180A27BDEBDB0023A277 /* Sources */,
				75D1180B27BDEBDB0023A277 /* Frameworks */,
				75D1180C27BDEBDB0023A277 /* Resources */,
			);
			buildRules = (
			);
			dependencies = (
				75D1181027BDEBDB0023A277 /* PBXTargetDependency */,
			);
			name = Konda_CalculatorUITests;
			productName = Konda_CalculatorUITests;
			productReference = 75D1180E27BDEBDB0023A277 /* Konda_CalculatorUITests.xctest */;
			productType = "com.apple.product-type.bundle.ui-testing";
		};
/* End PBXNativeTarget section */

/* Begin PBXProject section */
		75D117E627BDEBD90023A277 /* Project object */ = {
			isa = PBXProject;
			attributes = {
				BuildIndependentTargetsInParallel = 1;
				LastSwiftUpdateCheck = 1320;
				LastUpgradeCheck = 1320;
				TargetAttributes = {
					75D117ED27BDEBD90023A277 = {
						CreatedOnToolsVersion = 13.2.1;
					};
					75D1180327BDEBDA0023A277 = {
						CreatedOnToolsVersion = 13.2.1;
						TestTargetID = 75D117ED27BDEBD90023A277;
					};
					75D1180D27BDEBDB0023A277 = {
						CreatedOnToolsVersion = 13.2.1;
						TestTargetID = 75D117ED27BDEBD90023A277;
					};
				};
			};
			buildConfigurationList = 75D117E927BDEBD90023A277 /* Build configuration list for PBXProject "Konda_Calculator" */;
			compatibilityVersion = "Xcode 13.0";
			developmentRegion = en;
			hasScannedForEncodings = 0;
			knownRegions = (
				en,
				Base,
			);
			mainGroup = 75D117E527BDEBD90023A277;
			productRefGroup = 75D117EF27BDEBD90023A277 /* Products */;
			projectDirPath = "";
			projectRoot = "";
			targets = (
				75D117ED27BDEBD90023A277 /* Konda_Calculator */,
				75D1180327BDEBDA0023A277 /* Konda_CalculatorTests */,
				75D1180D27BDEBDB0023A277 /* Konda_CalculatorUITests */,
			);
		};
/* End PBXProject section */

/* Begin PBXResourcesBuildPhase section */
		75D117EC27BDEBD90023A277 /* Resources */ = {
			isa = PBXResourcesBuildPhase;
			buildActionMask = 2147483647;
			files = (
				75D117FE27BDEBDA0023A277 /* LaunchScreen.storyboard in Resources */,
				75D117FB27BDEBDA0023A277 /* Assets.xcassets in Resources */,
				75D117F927BDEBD90023A277 /* Main.storyboard in Resources */,
			);
			runOnlyForDeploymentPostprocessing = 0;
		};
		75D1180227BDEBDA0023A277 /* Resources */ = {
			isa = PBXResourcesBuildPhase;
			buildActionMask = 2147483647;
			files = (
			);
			runOnlyForDeploymentPostprocessing = 0;
		};
		75D1180C27BDEBDB0023A277 /* Resources */ = {
			isa = PBXResourcesBuildPhase;
			buildActionMask = 2147483647;
			files = (
			);
			runOnlyForDeploymentPostprocessing = 0;
		};
/* End PBXResourcesBuildPhase section */

/* Begin PBXSourcesBuildPhase section */
		75D117EA27BDEBD90023A277 /* Sources */ = {
			isa = PBXSourcesBuildPhase;
			buildActionMask = 2147483647;
			files = (
				75D117F227BDEBD90023A277 /* AppDelegate.swift in Sources */,
				75D117F427BDEBD90023A277 /* SceneDelegate.swift in Sources */,
			);
			runOnlyForDeploymentPostprocessing = 0;
		};
		75D1180027BDEBDA0023A277 /* Sources */ = {
			isa = PBXSourcesBuildPhase;
			buildActionMask = 2147483647;
			files = (
				75D1180927BDEBDA0023A277 /* Konda_CalculatorTests.swift in Sources */,
			);
			runOnlyForDeploymentPostprocessing = 0;
		};
		75D1180A27BDEBDB0023A277 /* Sources */ = {
			isa = PBXSourcesBuildPhase;
			buildActionMask = 2147483647;
			files = (
				75D1181527BDEBDB0023A277 /* Konda_CalculatorUITestsLaunchTests.swift in Sources */,
				75D1181327BDEBDB0023A277 /* Konda_CalculatorUITests.swift in Sources */,
			);
			runOnlyForDeploymentPostprocessing = 0;
		};
/* End PBXSourcesBuildPhase section */

/* Begin PBXTargetDependency section */
		75D1180627BDEBDA0023A277 /* PBXTargetDependency */ = {
			isa = PBXTargetDependency;
			target = 75D117ED27BDEBD90023A277 /* Konda_Calculator */;
			targetProxy = 75D1180527BDEBDA0023A277 /* PBXContainerItemProxy */;
		};
		75D1181027BDEBDB0023A277 /* PBXTargetDependency */ = {
			isa = PBXTargetDependency;
			target = 75D117ED27BDEBD90023A277 /* Konda_Calculator */;
			targetProxy = 75D1180F27BDEBDB0023A277 /* PBXContainerItemProxy */;
		};
/* End PBXTargetDependency section */

/* Begin PBXVariantGroup section */
		75D117F727BDEBD90023A277 /* Main.storyboard */ = {
			isa = PBXVariantGroup;
			children = (
				75D117F827BDEBD90023A277 /* Base */,
			);
			name = Main.storyboard;
			sourceTree = "<group>";
		};
		75D117FC27BDEBDA0023A277 /* LaunchScreen.storyboard */ = {
			isa = PBXVariantGroup;
			children = (
				75D117FD27BDEBDA0023A277 /* Base */,
			);
			name = LaunchScreen.storyboard;
			sourceTree = "<group>";
		};
/* End PBXVariantGroup section */

/* Begin XCBuildConfiguration section */
		75D1181627BDEBDB0023A277 /* Debug */ = {
			isa = XCBuildConfiguration;
			buildSettings = {
				ALWAYS_SEARCH_USER_PATHS = NO;
				CLANG_ANALYZER_NONNULL = YES;
				CLANG_ANALYZER_NUMBER_OBJECT_CONVERSION = YES_AGGRESSIVE;
				CLANG_CXX_LANGUAGE_STANDARD = "gnu++17";
				CLANG_CXX_LIBRARY = "libc++";
				CLANG_ENABLE_MODULES = YES;
				CLANG_ENABLE_OBJC_ARC = YES;
				CLANG_ENABLE_OBJC_WEAK = YES;
				CLANG_WARN_BLOCK_CAPTURE_AUTORELEASING = YES;
				CLANG_WARN_BOOL_CONVERSION = YES;
				CLANG_WARN_COMMA = YES;
				CLANG_WARN_CONSTANT_CONVERSION = YES;
				CLANG_WARN_DEPRECATED_OBJC_IMPLEMENTATIONS = YES;
				CLANG_WARN_DIRECT_OBJC_ISA_USAGE = YES_ERROR;
				CLANG_WARN_DOCUMENTATION_COMMENTS = YES;
				CLANG_WARN_EMPTY_BODY = YES;
				CLANG_WARN_ENUM_CONVERSION = YES;
				CLANG_WARN_INFINITE_RECURSION = YES;
				CLANG_WARN_INT_CONVERSION = YES;
				CLANG_WARN_NON_LITERAL_NULL_CONVERSION = YES;
				CLANG_WARN_OBJC_IMPLICIT_RETAIN_SELF = YES;
				CLANG_WARN_OBJC_LITERAL_CONVERSION = YES;
				CLANG_WARN_OBJC_ROOT_CLASS = YES_ERROR;
				CLANG_WARN_QUOTED_INCLUDE_IN_FRAMEWORK_HEADER = YES;
				CLANG_WARN_RANGE_LOOP_ANALYSIS = YES;
				CLANG_WARN_STRICT_PROTOTYPES = YES;
				CLANG_WARN_SUSPICIOUS_MOVE = YES;
				CLANG_WARN_UNGUARDED_AVAILABILITY = YES_AGGRESSIVE;
				CLANG_WARN_UNREACHABLE_CODE = YES;
				CLANG_WARN__DUPLICATE_METHOD_MATCH = YES;
				COPY_PHASE_STRIP = NO;
				DEBUG_INFORMATION_FORMAT = dwarf;
				ENABLE_STRICT_OBJC_MSGSEND = YES;
				ENABLE_TESTABILITY = YES;
				GCC_C_LANGUAGE_STANDARD = gnu11;
				GCC_DYNAMIC_NO_PIC = NO;
				GCC_NO_COMMON_BLOCKS = YES;
				GCC_OPTIMIZATION_LEVEL = 0;
				GCC_PREPROCESSOR_DEFINITIONS = (
					"DEBUG=1",
					"$(inherited)",
				);
				GCC_WARN_64_TO_32_BIT_CONVERSION = YES;
				GCC_WARN_ABOUT_RETURN_TYPE = YES_ERROR;
				GCC_WARN_UNDECLARED_SELECTOR = YES;
				GCC_WARN_UNINITIALIZED_AUTOS = YES_AGGRESSIVE;
				GCC_WARN_UNUSED_FUNCTION = YES;
				GCC_WARN_UNUSED_VARIABLE = YES;
				IPHONEOS_DEPLOYMENT_TARGET = 15.2;
				MTL_ENABLE_DEBUG_INFO = INCLUDE_SOURCE;
				MTL_FAST_MATH = YES;
				ONLY_ACTIVE_ARCH = YES;
				SDKROOT = iphoneos;
				SWIFT_ACTIVE_COMPILATION_CONDITIONS = DEBUG;
				SWIFT_OPTIMIZATION_LEVEL = "-Onone";
			};
			name = Debug;
		};
		75D1181727BDEBDB0023A277 /* Release */ = {
			isa = XCBuildConfiguration;
			buildSettings = {
				ALWAYS_SEARCH_USER_PATHS = NO;
				CLANG_ANALYZER_NONNULL = YES;
				CLANG_ANALYZER_NUMBER_OBJECT_CONVERSION = YES_AGGRESSIVE;
				CLANG_CXX_LANGUAGE_STANDARD = "gnu++17";
				CLANG_CXX_LIBRARY = "libc++";
				CLANG_ENABLE_MODULES = YES;
				CLANG_ENABLE_OBJC_ARC = YES;
				CLANG_ENABLE_OBJC_WEAK = YES;
				CLANG_WARN_BLOCK_CAPTURE_AUTORELEASING = YES;
				CLANG_WARN_BOOL_CONVERSION = YES;
				CLANG_WARN_COMMA = YES;
				CLANG_WARN_CONSTANT_CONVERSION = YES;
				CLANG_WARN_DEPRECATED_OBJC_IMPLEMENTATIONS = YES;
				CLANG_WARN_DIRECT_OBJC_ISA_USAGE = YES_ERROR;
				CLANG_WARN_DOCUMENTATION_COMMENTS = YES;
				CLANG_WARN_EMPTY_BODY = YES;
				CLANG_WARN_ENUM_CONVERSION = YES;
				CLANG_WARN_INFINITE_RECURSION = YES;
				CLANG_WARN_INT_CONVERSION = YES;
				CLANG_WARN_NON_LITERAL_NULL_CONVERSION = YES;
				CLANG_WARN_OBJC_IMPLICIT_RETAIN_SELF = YES;
				CLANG_WARN_OBJC_LITERAL_CONVERSION = YES;
				CLANG_WARN_OBJC_ROOT_CLASS = YES_ERROR;
				CLANG_WARN_QUOTED_INCLUDE_IN_FRAMEWORK_HEADER = YES;
				CLANG_WARN_RANGE_LOOP_ANALYSIS = YES;
				CLANG_WARN_STRICT_PROTOTYPES = YES;
				CLANG_WARN_SUSPICIOUS_MOVE = YES;
				CLANG_WARN_UNGUARDED_AVAILABILITY = YES_AGGRESSIVE;
				CLANG_WARN_UNREACHABLE_CODE = YES;
				CLANG_WARN__DUPLICATE_METHOD_MATCH = YES;
				COPY_PHASE_STRIP = NO;
				DEBUG_INFORMATION_FORMAT = "dwarf-with-dsym";
				ENABLE_NS_ASSERTIONS = NO;
				ENABLE_STRICT_OBJC_MSGSEND = YES;
				GCC_C_LANGUAGE_STANDARD = gnu11;
				GCC_NO_COMMON_BLOCKS = YES;
				GCC_WARN_64_TO_32_BIT_CONVERSION = YES;
				GCC_WARN_ABOUT_RETURN_TYPE = YES_ERROR;
				GCC_WARN_UNDECLARED_SELECTOR = YES;
				GCC_WARN_UNINITIALIZED_AUTOS = YES_AGGRESSIVE;
				GCC_WARN_UNUSED_FUNCTION = YES;
				GCC_WARN_UNUSED_VARIABLE = YES;
				IPHONEOS_DEPLOYMENT_TARGET = 15.2;
				MTL_ENABLE_DEBUG_INFO = NO;
				MTL_FAST_MATH = YES;
				SDKROOT = iphoneos;
				SWIFT_COMPILATION_MODE = wholemodule;
				SWIFT_OPTIMIZATION_LEVEL = "-O";
				VALIDATE_PRODUCT = YES;
			};
			name = Release;
		};
		75D1181927BDEBDB0023A277 /* Debug */ = {
			isa = XCBuildConfiguration;
			buildSettings = {
				ASSETCATALOG_COMPILER_APPICON_NAME = AppIcon;
				ASSETCATALOG_COMPILER_GLOBAL_ACCENT_COLOR_NAME = AccentColor;
				CODE_SIGN_STYLE = Automatic;
				CURRENT_PROJECT_VERSION = 1;
				GENERATE_INFOPLIST_FILE = YES;
				INFOPLIST_FILE = Konda_Calculator/Info.plist;
				INFOPLIST_KEY_UIApplicationSupportsIndirectInputEvents = YES;
				INFOPLIST_KEY_UILaunchStoryboardName = LaunchScreen;
				INFOPLIST_KEY_UIMainStoryboardFile = Main;
				INFOPLIST_KEY_UISupportedInterfaceOrientations_iPad = "UIInterfaceOrientationPortrait UIInterfaceOrientationPortraitUpsideDown UIInterfaceOrientationLandscapeLeft UIInterfaceOrientationLandscapeRight";
				INFOPLIST_KEY_UISupportedInterfaceOrientations_iPhone = "UIInterfaceOrientationPortrait UIInterfaceOrientationLandscapeLeft UIInterfaceOrientationLandscapeRight";
				LD_RUNPATH_SEARCH_PATHS = (
					"$(inherited)",
					"@executable_path/Frameworks",
				);
				MARKETING_VERSION = 1.0;
				PRODUCT_BUNDLE_IDENTIFIER = "nwmsu.Konda-Calculator";
				PRODUCT_NAME = "$(TARGET_NAME)";
				SWIFT_EMIT_LOC_STRINGS = YES;
				SWIFT_VERSION = 5.0;
				TARGETED_DEVICE_FAMILY = "1,2";
			};
			name = Debug;
		};
		75D1181A27BDEBDB0023A277 /* Release */ = {
			isa = XCBuildConfiguration;
			buildSettings = {
				ASSETCATALOG_COMPILER_APPICON_NAME = AppIcon;
				ASSETCATALOG_COMPILER_GLOBAL_ACCENT_COLOR_NAME = AccentColor;
				CODE_SIGN_STYLE = Automatic;
				CURRENT_PROJECT_VERSION = 1;
				GENERATE_INFOPLIST_FILE = YES;
				INFOPLIST_FILE = Konda_Calculator/Info.plist;
				INFOPLIST_KEY_UIApplicationSupportsIndirectInputEvents = YES;
				INFOPLIST_KEY_UILaunchStoryboardName = LaunchScreen;
				INFOPLIST_KEY_UIMainStoryboardFile = Main;
				INFOPLIST_KEY_UISupportedInterfaceOrientations_iPad = "UIInterfaceOrientationPortrait UIInterfaceOrientationPortraitUpsideDown UIInterfaceOrientationLandscapeLeft UIInterfaceOrientationLandscapeRight";
				INFOPLIST_KEY_UISupportedInterfaceOrientations_iPhone = "UIInterfaceOrientationPortrait UIInterfaceOrientationLandscapeLeft UIInterfaceOrientationLandscapeRight";
				LD_RUNPATH_SEARCH_PATHS = (
					"$(inherited)",
					"@executable_path/Frameworks",
				);
				MARKETING_VERSION = 1.0;
				PRODUCT_BUNDLE_IDENTIFIER = "nwmsu.Konda-Calculator";
				PRODUCT_NAME = "$(TARGET_NAME)";
				SWIFT_EMIT_LOC_STRINGS = YES;
				SWIFT_VERSION = 5.0;
				TARGETED_DEVICE_FAMILY = "1,2";
			};
			name = Release;
		};
		75D1181C27BDEBDB0023A277 /* Debug */ = {
			isa = XCBuildConfiguration;
			buildSettings = {
				ALWAYS_EMBED_SWIFT_STANDARD_LIBRARIES = YES;
				BUNDLE_LOADER = "$(TEST_HOST)";
				CODE_SIGN_STYLE = Automatic;
				CURRENT_PROJECT_VERSION = 1;
				GENERATE_INFOPLIST_FILE = YES;
				IPHONEOS_DEPLOYMENT_TARGET = 15.2;
				MARKETING_VERSION = 1.0;
				PRODUCT_BUNDLE_IDENTIFIER = "nwmsu.Konda-CalculatorTests";
				PRODUCT_NAME = "$(TARGET_NAME)";
				SWIFT_EMIT_LOC_STRINGS = NO;
				SWIFT_VERSION = 5.0;
				TARGETED_DEVICE_FAMILY = "1,2";
				TEST_HOST = "$(BUILT_PRODUCTS_DIR)/Konda_Calculator.app/Konda_Calculator";
			};
			name = Debug;
		};
		75D1181D27BDEBDB0023A277 /* Release */ = {
			isa = XCBuildConfiguration;
			buildSettings = {
				ALWAYS_EMBED_SWIFT_STANDARD_LIBRARIES = YES;
				BUNDLE_LOADER = "$(TEST_HOST)";
				CODE_SIGN_STYLE = Automatic;
				CURRENT_PROJECT_VERSION = 1;
				GENERATE_INFOPLIST_FILE = YES;
				IPHONEOS_DEPLOYMENT_TARGET = 15.2;
				MARKETING_VERSION = 1.0;
				PRODUCT_BUNDLE_IDENTIFIER = "nwmsu.Konda-CalculatorTests";
				PRODUCT_NAME = "$(TARGET_NAME)";
				SWIFT_EMIT_LOC_STRINGS = NO;
				SWIFT_VERSION = 5.0;
				TARGETED_DEVICE_FAMILY = "1,2";
				TEST_HOST = "$(BUILT_PRODUCTS_DIR)/Konda_Calculator.app/Konda_Calculator";
			};
			name = Release;
		};
		75D1181F27BDEBDB0023A277 /* Debug */ = {
			isa = XCBuildConfiguration;
			buildSettings = {
				ALWAYS_EMBED_SWIFT_STANDARD_LIBRARIES = YES;
				CODE_SIGN_STYLE = Automatic;
				CURRENT_PROJECT_VERSION = 1;
				GENERATE_INFOPLIST_FILE = YES;
				MARKETING_VERSION = 1.0;
				PRODUCT_BUNDLE_IDENTIFIER = "nwmsu.Konda-CalculatorUITests";
				PRODUCT_NAME = "$(TARGET_NAME)";
				SWIFT_EMIT_LOC_STRINGS = NO;
				SWIFT_VERSION = 5.0;
				TARGETED_DEVICE_FAMILY = "1,2";
				TEST_TARGET_NAME = Konda_Calculator;
			};
			name = Debug;
		};
		75D1182027BDEBDB0023A277 /* Release */ = {
			isa = XCBuildConfiguration;
			buildSettings = {
				ALWAYS_EMBED_SWIFT_STANDARD_LIBRARIES = YES;
				CODE_SIGN_STYLE = Automatic;
				CURRENT_PROJECT_VERSION = 1;
				GENERATE_INFOPLIST_FILE = YES;
				MARKETING_VERSION = 1.0;
				PRODUCT_BUNDLE_IDENTIFIER = "nwmsu.Konda-CalculatorUITests";
				PRODUCT_NAME = "$(TARGET_NAME)";
				SWIFT_EMIT_LOC_STRINGS = NO;
				SWIFT_VERSION = 5.0;
				TARGETED_DEVICE_FAMILY = "1,2";
				TEST_TARGET_NAME = Konda_Calculator;
			};
			name = Release;
		};
/* End XCBuildConfiguration section */

/* Begin XCConfigurationList section */
		75D117E927BDEBD90023A277 /* Build configuration list for PBXProject "Konda_Calculator" */ = {
			isa = XCConfigurationList;
			buildConfigurations = (
				75D1181627BDEBDB0023A277 /* Debug */,
				75D1181727BDEBDB0023A277 /* Release */,
			);
			defaultConfigurationIsVisible = 0;
			defaultConfigurationName = Release;
		};
		75D1181827BDEBDB0023A277 /* Build configuration list for PBXNativeTarget "Konda_Calculator" */ = {
			isa = XCConfigurationList;
			buildConfigurations = (
				75D1181927BDEBDB0023A277 /* Debug */,
				75D1181A27BDEBDB0023A277 /* Release */,
			);
			defaultConfigurationIsVisible = 0;
			defaultConfigurationName = Release;
		};
		75D1181B27BDEBDB0023A277 /* Build configuration list for PBXNativeTarget "Konda_CalculatorTests" */ = {
			isa = XCConfigurationList;
			buildConfigurations = (
				75D1181C27BDEBDB0023A277 /* Debug */,
				75D1181D27BDEBDB0023A277 /* Release */,
			);
			defaultConfigurationIsVisible = 0;
			defaultConfigurationName = Release;
		};
		75D1181E27BDEBDB0023A277 /* Build configuration list for PBXNativeTarget "Konda_CalculatorUITests" */ = {
			isa = XCConfigurationList;
			buildConfigurations = (
				75D1181F27BDEBDB0023A277 /* Debug */,
				75D1182027BDEBDB0023A277 /* Release */,
			);
			defaultConfigurationIsVisible = 0;
			defaultConfigurationName = Release;
		};
/* End XCConfigurationList section */
	};
	rootObject = 75D117E627BDEBD90023A277 /* Project object */;
}
